// !$*UTF8*$!
{
	archiveVersion = 1;
	classes = {
	};
	objectVersion = 46;
	objects = {

/* Begin PBXBuildFile section */
		1AFAF8B716D35DE700DB1158 /* AppDelegate.cpp in Sources */ = {isa = PBXBuildFile; fileRef = 1AFAF8B316D35DE700DB1158 /* AppDelegate.cpp */; };
		1D60589F0D05DD5A006BFB54 /* Foundation.framework in Frameworks */ = {isa = PBXBuildFile; fileRef = 1D30AB110D05D00D00671497 /* Foundation.framework */; };
		1DF5F4E00D08C38300B7A737 /* UIKit.framework in Frameworks */ = {isa = PBXBuildFile; fileRef = 1DF5F4DF0D08C38300B7A737 /* UIKit.framework */; };
		288765A50DF7441C002DB57D /* CoreGraphics.framework in Frameworks */ = {isa = PBXBuildFile; fileRef = 288765A40DF7441C002DB57D /* CoreGraphics.framework */; };
		503AE0F817EB97AB00D1A890 /* Icon.icns in Resources */ = {isa = PBXBuildFile; fileRef = 503AE0F617EB97AB00D1A890 /* Icon.icns */; };
		503AE10017EB989F00D1A890 /* AppController.mm in Sources */ = {isa = PBXBuildFile; fileRef = 503AE0FB17EB989F00D1A890 /* AppController.mm */; };
		503AE10117EB989F00D1A890 /* main.m in Sources */ = {isa = PBXBuildFile; fileRef = 503AE0FC17EB989F00D1A890 /* main.m */; };
		503AE10217EB989F00D1A890 /* RootViewController.mm in Sources */ = {isa = PBXBuildFile; fileRef = 503AE0FF17EB989F00D1A890 /* RootViewController.mm */; };
		503AE10517EB98FF00D1A890 /* main.cpp in Sources */ = {isa = PBXBuildFile; fileRef = 503AE10317EB98FF00D1A890 /* main.cpp */; };
		503AE11217EB99EE00D1A890 /* libcurl.dylib in Frameworks */ = {isa = PBXBuildFile; fileRef = 503AE11117EB99EE00D1A890 /* libcurl.dylib */; };
		503AE11B17EB9C5A00D1A890 /* IOKit.framework in Frameworks */ = {isa = PBXBuildFile; fileRef = 503AE11A17EB9C5A00D1A890 /* IOKit.framework */; };
		5087E75717EB910900C73F5D /* AppDelegate.cpp in Sources */ = {isa = PBXBuildFile; fileRef = 1AFAF8B316D35DE700DB1158 /* AppDelegate.cpp */; };
		5087E76317EB910900C73F5D /* Foundation.framework in Frameworks */ = {isa = PBXBuildFile; fileRef = 1D30AB110D05D00D00671497 /* Foundation.framework */; };
		5087E76517EB910900C73F5D /* CoreGraphics.framework in Frameworks */ = {isa = PBXBuildFile; fileRef = 288765A40DF7441C002DB57D /* CoreGraphics.framework */; };
		5087E76717EB910900C73F5D /* libz.dylib in Frameworks */ = {isa = PBXBuildFile; fileRef = BF170DB412928DE900B8313A /* libz.dylib */; };
		5087E76817EB910900C73F5D /* QuartzCore.framework in Frameworks */ = {isa = PBXBuildFile; fileRef = BF1C47EA1293683800B63C5D /* QuartzCore.framework */; };
		5087E76917EB910900C73F5D /* OpenAL.framework in Frameworks */ = {isa = PBXBuildFile; fileRef = D44C620B132DFF330009C878 /* OpenAL.framework */; };
		5087E76A17EB910900C73F5D /* AVFoundation.framework in Frameworks */ = {isa = PBXBuildFile; fileRef = D44C620D132DFF430009C878 /* AVFoundation.framework */; };
		5087E76B17EB910900C73F5D /* AudioToolbox.framework in Frameworks */ = {isa = PBXBuildFile; fileRef = D44C620F132DFF4E0009C878 /* AudioToolbox.framework */; };
		5087E77D17EB970100C73F5D /* Default-568h@2x.png in Resources */ = {isa = PBXBuildFile; fileRef = 5087E77217EB970100C73F5D /* Default-568h@2x.png */; };
		5087E77E17EB970100C73F5D /* Default.png in Resources */ = {isa = PBXBuildFile; fileRef = 5087E77317EB970100C73F5D /* Default.png */; };
		5087E77F17EB970100C73F5D /* Default@2x.png in Resources */ = {isa = PBXBuildFile; fileRef = 5087E77417EB970100C73F5D /* Default@2x.png */; };
		5087E78017EB970100C73F5D /* Icon-114.png in Resources */ = {isa = PBXBuildFile; fileRef = 5087E77517EB970100C73F5D /* Icon-114.png */; };
		5087E78117EB970100C73F5D /* Icon-120.png in Resources */ = {isa = PBXBuildFile; fileRef = 5087E77617EB970100C73F5D /* Icon-120.png */; };
		5087E78217EB970100C73F5D /* Icon-144.png in Resources */ = {isa = PBXBuildFile; fileRef = 5087E77717EB970100C73F5D /* Icon-144.png */; };
		5087E78317EB970100C73F5D /* Icon-152.png in Resources */ = {isa = PBXBuildFile; fileRef = 5087E77817EB970100C73F5D /* Icon-152.png */; };
		5087E78417EB970100C73F5D /* Icon-57.png in Resources */ = {isa = PBXBuildFile; fileRef = 5087E77917EB970100C73F5D /* Icon-57.png */; };
		5087E78517EB970100C73F5D /* Icon-72.png in Resources */ = {isa = PBXBuildFile; fileRef = 5087E77A17EB970100C73F5D /* Icon-72.png */; };
		5087E78617EB970100C73F5D /* Icon-76.png in Resources */ = {isa = PBXBuildFile; fileRef = 5087E77B17EB970100C73F5D /* Icon-76.png */; };
		5087E78917EB974C00C73F5D /* AppKit.framework in Frameworks */ = {isa = PBXBuildFile; fileRef = 5087E78817EB974C00C73F5D /* AppKit.framework */; };
		5087E78B17EB975400C73F5D /* OpenGL.framework in Frameworks */ = {isa = PBXBuildFile; fileRef = 5087E78A17EB975400C73F5D /* OpenGL.framework */; };
		50EF629617ECD46A001EB2F8 /* Icon-40.png in Resources */ = {isa = PBXBuildFile; fileRef = 50EF629217ECD46A001EB2F8 /* Icon-40.png */; };
		50EF629717ECD46A001EB2F8 /* Icon-58.png in Resources */ = {isa = PBXBuildFile; fileRef = 50EF629317ECD46A001EB2F8 /* Icon-58.png */; };
		50EF629817ECD46A001EB2F8 /* Icon-80.png in Resources */ = {isa = PBXBuildFile; fileRef = 50EF629417ECD46A001EB2F8 /* Icon-80.png */; };
		50EF629917ECD46A001EB2F8 /* Icon-100.png in Resources */ = {isa = PBXBuildFile; fileRef = 50EF629517ECD46A001EB2F8 /* Icon-100.png */; };
		50EF62A217ECD613001EB2F8 /* Icon-29.png in Resources */ = {isa = PBXBuildFile; fileRef = 50EF62A017ECD613001EB2F8 /* Icon-29.png */; };
		50EF62A317ECD613001EB2F8 /* Icon-50.png in Resources */ = {isa = PBXBuildFile; fileRef = 50EF62A117ECD613001EB2F8 /* Icon-50.png */; };
		BF171245129291EC00B8313A /* OpenGLES.framework in Frameworks */ = {isa = PBXBuildFile; fileRef = BF170DB012928DE900B8313A /* OpenGLES.framework */; };
		BF1712471292920000B8313A /* libz.dylib in Frameworks */ = {isa = PBXBuildFile; fileRef = BF170DB412928DE900B8313A /* libz.dylib */; };
		BF1C47F01293687400B63C5D /* QuartzCore.framework in Frameworks */ = {isa = PBXBuildFile; fileRef = BF1C47EA1293683800B63C5D /* QuartzCore.framework */; };
		CF35498F1A28237D00A740B9 /* libcocos2dx iOS.a in Frameworks */ = {isa = PBXBuildFile; fileRef = CF3549851A28223D00A740B9 /* libcocos2dx iOS.a */; };
		CF3549931A28249E00A740B9 /* DMTest.cpp in Sources */ = {isa = PBXBuildFile; fileRef = CF3549911A28249E00A740B9 /* DMTest.cpp */; };
		CF3549941A28249E00A740B9 /* DMTest.cpp in Sources */ = {isa = PBXBuildFile; fileRef = CF3549911A28249E00A740B9 /* DMTest.cpp */; };
		CF89FE861A275899008A8174 /* VisibleRect.cpp in Sources */ = {isa = PBXBuildFile; fileRef = CF89FE841A275899008A8174 /* VisibleRect.cpp */; };
		CF89FE871A275899008A8174 /* VisibleRect.cpp in Sources */ = {isa = PBXBuildFile; fileRef = CF89FE841A275899008A8174 /* VisibleRect.cpp */; };
		CFB15FFE196EE3E500E76456 /* TestSceneExample.cpp in Sources */ = {isa = PBXBuildFile; fileRef = CFB15FF5196EE3E500E76456 /* TestSceneExample.cpp */; };
		CFB15FFF196EE3E500E76456 /* TestSceneExample.cpp in Sources */ = {isa = PBXBuildFile; fileRef = CFB15FF5196EE3E500E76456 /* TestSceneExample.cpp */; };
		CFB16033196F98C600E76456 /* GlobalTestcases.cpp in Sources */ = {isa = PBXBuildFile; fileRef = CFB1602C196F98C600E76456 /* GlobalTestcases.cpp */; };
		CFB16034196F98C600E76456 /* GlobalTestcases.cpp in Sources */ = {isa = PBXBuildFile; fileRef = CFB1602C196F98C600E76456 /* GlobalTestcases.cpp */; };
		CFB16037196F98C600E76456 /* TestScene.cpp in Sources */ = {isa = PBXBuildFile; fileRef = CFB1602F196F98C600E76456 /* TestScene.cpp */; };
		CFB16038196F98C600E76456 /* TestScene.cpp in Sources */ = {isa = PBXBuildFile; fileRef = CFB1602F196F98C600E76456 /* TestScene.cpp */; };
		CFB16039196F98C600E76456 /* UnitTestLayer.cpp in Sources */ = {isa = PBXBuildFile; fileRef = CFB16031196F98C600E76456 /* UnitTestLayer.cpp */; };
		CFB1603A196F98C600E76456 /* UnitTestLayer.cpp in Sources */ = {isa = PBXBuildFile; fileRef = CFB16031196F98C600E76456 /* UnitTestLayer.cpp */; };
		CFC123421A2D55CF003AE428 /* IosTest.cpp in Sources */ = {isa = PBXBuildFile; fileRef = CFC123401A2D55CF003AE428 /* IosTest.cpp */; };
		CFC123691A2D5D9C003AE428 /* AlertHelper.mm in Sources */ = {isa = PBXBuildFile; fileRef = CFC123561A2D5D9C003AE428 /* AlertHelper.mm */; };
		CFC1236A1A2D5D9C003AE428 /* IsolatedAlert.mm in Sources */ = {isa = PBXBuildFile; fileRef = CFC123581A2D5D9C003AE428 /* IsolatedAlert.mm */; };
		CFC1236B1A2D5D9C003AE428 /* DeviceUtil.mm in Sources */ = {isa = PBXBuildFile; fileRef = CFC1235A1A2D5D9C003AE428 /* DeviceUtil.mm */; };
		CFC1236C1A2D5D9C003AE428 /* GameCenterUtil.mm in Sources */ = {isa = PBXBuildFile; fileRef = CFC1235C1A2D5D9C003AE428 /* GameCenterUtil.mm */; };
		CFC123701A2D5D9C003AE428 /* Reachability.m in Sources */ = {isa = PBXBuildFile; fileRef = CFC123661A2D5D9C003AE428 /* Reachability.m */; };
		CFC123711A2D5D9C003AE428 /* RootViewProxy.m in Sources */ = {isa = PBXBuildFile; fileRef = CFC123681A2D5D9C003AE428 /* RootViewProxy.m */; };
		CFC123771A2D60C5003AE428 /* LocalNotify.mm in Sources */ = {isa = PBXBuildFile; fileRef = CFC123741A2D60C5003AE428 /* LocalNotify.mm */; };
		CFC123781A2D60C5003AE428 /* NotificationHelper.mm in Sources */ = {isa = PBXBuildFile; fileRef = CFC123761A2D60C5003AE428 /* NotificationHelper.mm */; };
		CFC1237A1A2D9292003AE428 /* GameKit.framework in Frameworks */ = {isa = PBXBuildFile; fileRef = CFC123791A2D9292003AE428 /* GameKit.framework */; };
		CFC1237C1A2D93A8003AE428 /* CoreFoundation.framework in Frameworks */ = {isa = PBXBuildFile; fileRef = CFC1237B1A2D93A8003AE428 /* CoreFoundation.framework */; };
		CFC1237E1A2D9414003AE428 /* SystemConfiguration.framework in Frameworks */ = {isa = PBXBuildFile; fileRef = CFC1237D1A2D9414003AE428 /* SystemConfiguration.framework */; };
		CFC123801A2D944E003AE428 /* MessageUI.framework in Frameworks */ = {isa = PBXBuildFile; fileRef = CFC1237F1A2D944E003AE428 /* MessageUI.framework */; };
		CFC123831A2DA510003AE428 /* LoadingHelper.mm in Sources */ = {isa = PBXBuildFile; fileRef = CFC123821A2DA510003AE428 /* LoadingHelper.mm */; };
		CFC123871A2DB9BC003AE428 /* AudioHelper.cpp in Sources */ = {isa = PBXBuildFile; fileRef = CFC123851A2DB9BC003AE428 /* AudioHelper.cpp */; };
		CFC123881A2DB9BC003AE428 /* AudioHelper.cpp in Sources */ = {isa = PBXBuildFile; fileRef = CFC123851A2DB9BC003AE428 /* AudioHelper.cpp */; };
		CFC123891A2DBA73003AE428 /* libCocosDenshion iOS.a in Frameworks */ = {isa = PBXBuildFile; fileRef = CF35498D1A28223D00A740B9 /* libCocosDenshion iOS.a */; };
		CFD014F91A2ABBA500CE481C /* libaes.a in Frameworks */ = {isa = PBXBuildFile; fileRef = CFD014F81A2ABBA500CE481C /* libaes.a */; };
		CFD015051A2AE46D00CE481C /* encrypt in Resources */ = {isa = PBXBuildFile; fileRef = CFD015031A2AE46D00CE481C /* encrypt */; };
		CFD015061A2AE46D00CE481C /* encrypt in Resources */ = {isa = PBXBuildFile; fileRef = CFD015031A2AE46D00CE481C /* encrypt */; };
		CFD015071A2AE46D00CE481C /* origin in Resources */ = {isa = PBXBuildFile; fileRef = CFD015041A2AE46D00CE481C /* origin */; };
		CFD015081A2AE46D00CE481C /* origin in Resources */ = {isa = PBXBuildFile; fileRef = CFD015041A2AE46D00CE481C /* origin */; };
		CFF07A5D1A29F51B00B4BD6A /* Serializable.cpp in Sources */ = {isa = PBXBuildFile; fileRef = CFF07A5C1A29F51B00B4BD6A /* Serializable.cpp */; };
		CFF07A5E1A29F51B00B4BD6A /* Serializable.cpp in Sources */ = {isa = PBXBuildFile; fileRef = CFF07A5C1A29F51B00B4BD6A /* Serializable.cpp */; };
		D44C620C132DFF330009C878 /* OpenAL.framework in Frameworks */ = {isa = PBXBuildFile; fileRef = D44C620B132DFF330009C878 /* OpenAL.framework */; };
		D44C620E132DFF430009C878 /* AVFoundation.framework in Frameworks */ = {isa = PBXBuildFile; fileRef = D44C620D132DFF430009C878 /* AVFoundation.framework */; };
		D44C6210132DFF4E0009C878 /* AudioToolbox.framework in Frameworks */ = {isa = PBXBuildFile; fileRef = D44C620F132DFF4E0009C878 /* AudioToolbox.framework */; };
		D6B0611B1803AB670077942B /* CoreMotion.framework in Frameworks */ = {isa = PBXBuildFile; fileRef = D6B0611A1803AB670077942B /* CoreMotion.framework */; };
/* End PBXBuildFile section */

/* Begin PBXContainerItemProxy section */
		CF35497A1A28223D00A740B9 /* PBXContainerItemProxy */ = {
			isa = PBXContainerItemProxy;
			containerPortal = CF35496B1A28223D00A740B9 /* cocos2d_libs.xcodeproj */;
			proxyType = 2;
			remoteGlobalIDString = 1551A33F158F2AB200E66CFE;
			remoteInfo = "cocos2dx Mac";
		};
		CF35497C1A28223D00A740B9 /* PBXContainerItemProxy */ = {
			isa = PBXContainerItemProxy;
			containerPortal = CF35496B1A28223D00A740B9 /* cocos2d_libs.xcodeproj */;
			proxyType = 2;
			remoteGlobalIDString = A03F2FD617814595006731B9;
			remoteInfo = "cocos2dx-extensions Mac";
		};
		CF35497E1A28223D00A740B9 /* PBXContainerItemProxy */ = {
			isa = PBXContainerItemProxy;
			containerPortal = CF35496B1A28223D00A740B9 /* cocos2d_libs.xcodeproj */;
			proxyType = 2;
			remoteGlobalIDString = A03F2CB81780BD04006731B9;
			remoteInfo = "chipmunk Mac";
		};
		CF3549801A28223D00A740B9 /* PBXContainerItemProxy */ = {
			isa = PBXContainerItemProxy;
			containerPortal = CF35496B1A28223D00A740B9 /* cocos2d_libs.xcodeproj */;
			proxyType = 2;
			remoteGlobalIDString = A03F2D9B1780BDF7006731B9;
			remoteInfo = "box2d Mac";
		};
		CF3549821A28223D00A740B9 /* PBXContainerItemProxy */ = {
			isa = PBXContainerItemProxy;
			containerPortal = CF35496B1A28223D00A740B9 /* cocos2d_libs.xcodeproj */;
			proxyType = 2;
			remoteGlobalIDString = A03F2ED617814268006731B9;
			remoteInfo = "CocosDenshion Mac";
		};
		CF3549841A28223D00A740B9 /* PBXContainerItemProxy */ = {
			isa = PBXContainerItemProxy;
			containerPortal = CF35496B1A28223D00A740B9 /* cocos2d_libs.xcodeproj */;
			proxyType = 2;
			remoteGlobalIDString = A07A4D641783777C0073F6A7;
			remoteInfo = "cocos2dx iOS";
		};
		CF3549861A28223D00A740B9 /* PBXContainerItemProxy */ = {
			isa = PBXContainerItemProxy;
			containerPortal = CF35496B1A28223D00A740B9 /* cocos2d_libs.xcodeproj */;
			proxyType = 2;
			remoteGlobalIDString = A07A4EFC1783867C0073F6A7;
			remoteInfo = "cocos2dx-extensions iOS";
		};
		CF3549881A28223D00A740B9 /* PBXContainerItemProxy */ = {
			isa = PBXContainerItemProxy;
			containerPortal = CF35496B1A28223D00A740B9 /* cocos2d_libs.xcodeproj */;
			proxyType = 2;
			remoteGlobalIDString = A07A4F3B178387670073F6A7;
			remoteInfo = "chipmunk iOS";
		};
		CF35498A1A28223D00A740B9 /* PBXContainerItemProxy */ = {
			isa = PBXContainerItemProxy;
			containerPortal = CF35496B1A28223D00A740B9 /* cocos2d_libs.xcodeproj */;
			proxyType = 2;
			remoteGlobalIDString = A07A4F9E1783876B0073F6A7;
			remoteInfo = "box2d iOS";
		};
		CF35498C1A28223D00A740B9 /* PBXContainerItemProxy */ = {
			isa = PBXContainerItemProxy;
			containerPortal = CF35496B1A28223D00A740B9 /* cocos2d_libs.xcodeproj */;
			proxyType = 2;
			remoteGlobalIDString = A07A4FB4178387730073F6A7;
			remoteInfo = "CocosDenshion iOS";
		};
/* End PBXContainerItemProxy section */

/* Begin PBXFileReference section */
		1ACB3243164770DE00914215 /* libcurl.a */ = {isa = PBXFileReference; lastKnownFileType = archive.ar; name = libcurl.a; path = ../../cocos2dx/platform/third_party/ios/libraries/libcurl.a; sourceTree = "<group>"; };
		1AFAF8B316D35DE700DB1158 /* AppDelegate.cpp */ = {isa = PBXFileReference; fileEncoding = 4; lastKnownFileType = sourcecode.cpp.cpp; name = AppDelegate.cpp; path = ../Classes/AppDelegate.cpp; sourceTree = "<group>"; };
		1AFAF8B416D35DE700DB1158 /* AppDelegate.h */ = {isa = PBXFileReference; fileEncoding = 4; lastKnownFileType = sourcecode.c.h; name = AppDelegate.h; path = ../Classes/AppDelegate.h; sourceTree = "<group>"; };
		1D30AB110D05D00D00671497 /* Foundation.framework */ = {isa = PBXFileReference; lastKnownFileType = wrapper.framework; name = Foundation.framework; path = System/Library/Frameworks/Foundation.framework; sourceTree = SDKROOT; };
		1D6058910D05DD3D006BFB54 /* test iOS.app */ = {isa = PBXFileReference; explicitFileType = wrapper.application; includeInIndex = 0; path = "test iOS.app"; sourceTree = BUILT_PRODUCTS_DIR; };
		1DF5F4DF0D08C38300B7A737 /* UIKit.framework */ = {isa = PBXFileReference; lastKnownFileType = wrapper.framework; name = UIKit.framework; path = System/Library/Frameworks/UIKit.framework; sourceTree = SDKROOT; };
		288765A40DF7441C002DB57D /* CoreGraphics.framework */ = {isa = PBXFileReference; lastKnownFileType = wrapper.framework; name = CoreGraphics.framework; path = System/Library/Frameworks/CoreGraphics.framework; sourceTree = SDKROOT; };
		503AE0F617EB97AB00D1A890 /* Icon.icns */ = {isa = PBXFileReference; lastKnownFileType = image.icns; path = Icon.icns; sourceTree = "<group>"; };
		503AE0F717EB97AB00D1A890 /* Info.plist */ = {isa = PBXFileReference; fileEncoding = 4; lastKnownFileType = text.plist.xml; path = Info.plist; sourceTree = "<group>"; };
		503AE0FA17EB989F00D1A890 /* AppController.h */ = {isa = PBXFileReference; fileEncoding = 4; lastKnownFileType = sourcecode.c.h; name = AppController.h; path = ios/AppController.h; sourceTree = SOURCE_ROOT; };
		503AE0FB17EB989F00D1A890 /* AppController.mm */ = {isa = PBXFileReference; fileEncoding = 4; lastKnownFileType = sourcecode.cpp.objcpp; name = AppController.mm; path = ios/AppController.mm; sourceTree = SOURCE_ROOT; };
		503AE0FC17EB989F00D1A890 /* main.m */ = {isa = PBXFileReference; fileEncoding = 4; lastKnownFileType = sourcecode.c.objc; name = main.m; path = ios/main.m; sourceTree = SOURCE_ROOT; };
		503AE0FD17EB989F00D1A890 /* Prefix.pch */ = {isa = PBXFileReference; fileEncoding = 4; lastKnownFileType = sourcecode.c.h; name = Prefix.pch; path = ios/Prefix.pch; sourceTree = SOURCE_ROOT; };
		503AE0FE17EB989F00D1A890 /* RootViewController.h */ = {isa = PBXFileReference; fileEncoding = 4; lastKnownFileType = sourcecode.c.h; name = RootViewController.h; path = ios/RootViewController.h; sourceTree = SOURCE_ROOT; };
		503AE0FF17EB989F00D1A890 /* RootViewController.mm */ = {isa = PBXFileReference; fileEncoding = 4; lastKnownFileType = sourcecode.cpp.objcpp; name = RootViewController.mm; path = ios/RootViewController.mm; sourceTree = SOURCE_ROOT; };
		503AE10317EB98FF00D1A890 /* main.cpp */ = {isa = PBXFileReference; fileEncoding = 4; lastKnownFileType = sourcecode.cpp.cpp; name = main.cpp; path = mac/main.cpp; sourceTree = "<group>"; };
		503AE10417EB98FF00D1A890 /* Prefix.pch */ = {isa = PBXFileReference; fileEncoding = 4; lastKnownFileType = sourcecode.c.h; name = Prefix.pch; path = mac/Prefix.pch; sourceTree = "<group>"; };
		503AE11117EB99EE00D1A890 /* libcurl.dylib */ = {isa = PBXFileReference; lastKnownFileType = "compiled.mach-o.dylib"; name = libcurl.dylib; path = usr/lib/libcurl.dylib; sourceTree = SDKROOT; };
		503AE11A17EB9C5A00D1A890 /* IOKit.framework */ = {isa = PBXFileReference; lastKnownFileType = wrapper.framework; name = IOKit.framework; path = System/Library/Frameworks/IOKit.framework; sourceTree = SDKROOT; };
		5087E76F17EB910900C73F5D /* test Mac.app */ = {isa = PBXFileReference; explicitFileType = wrapper.application; includeInIndex = 0; path = "test Mac.app"; sourceTree = BUILT_PRODUCTS_DIR; };
		5087E77217EB970100C73F5D /* Default-568h@2x.png */ = {isa = PBXFileReference; lastKnownFileType = image.png; path = "Default-568h@2x.png"; sourceTree = "<group>"; };
		5087E77317EB970100C73F5D /* Default.png */ = {isa = PBXFileReference; lastKnownFileType = image.png; path = Default.png; sourceTree = "<group>"; };
		5087E77417EB970100C73F5D /* Default@2x.png */ = {isa = PBXFileReference; lastKnownFileType = image.png; path = "Default@2x.png"; sourceTree = "<group>"; };
		5087E77517EB970100C73F5D /* Icon-114.png */ = {isa = PBXFileReference; lastKnownFileType = image.png; path = "Icon-114.png"; sourceTree = "<group>"; };
		5087E77617EB970100C73F5D /* Icon-120.png */ = {isa = PBXFileReference; lastKnownFileType = image.png; path = "Icon-120.png"; sourceTree = "<group>"; };
		5087E77717EB970100C73F5D /* Icon-144.png */ = {isa = PBXFileReference; lastKnownFileType = image.png; path = "Icon-144.png"; sourceTree = "<group>"; };
		5087E77817EB970100C73F5D /* Icon-152.png */ = {isa = PBXFileReference; lastKnownFileType = image.png; path = "Icon-152.png"; sourceTree = "<group>"; };
		5087E77917EB970100C73F5D /* Icon-57.png */ = {isa = PBXFileReference; lastKnownFileType = image.png; path = "Icon-57.png"; sourceTree = "<group>"; };
		5087E77A17EB970100C73F5D /* Icon-72.png */ = {isa = PBXFileReference; lastKnownFileType = image.png; path = "Icon-72.png"; sourceTree = "<group>"; };
		5087E77B17EB970100C73F5D /* Icon-76.png */ = {isa = PBXFileReference; lastKnownFileType = image.png; path = "Icon-76.png"; sourceTree = "<group>"; };
		5087E77C17EB970100C73F5D /* Info.plist */ = {isa = PBXFileReference; fileEncoding = 4; lastKnownFileType = text.plist.xml; path = Info.plist; sourceTree = "<group>"; };
		5087E78817EB974C00C73F5D /* AppKit.framework */ = {isa = PBXFileReference; lastKnownFileType = wrapper.framework; name = AppKit.framework; path = System/Library/Frameworks/AppKit.framework; sourceTree = SDKROOT; };
		5087E78A17EB975400C73F5D /* OpenGL.framework */ = {isa = PBXFileReference; lastKnownFileType = wrapper.framework; name = OpenGL.framework; path = System/Library/Frameworks/OpenGL.framework; sourceTree = SDKROOT; };
		50EF629217ECD46A001EB2F8 /* Icon-40.png */ = {isa = PBXFileReference; lastKnownFileType = image.png; path = "Icon-40.png"; sourceTree = "<group>"; };
		50EF629317ECD46A001EB2F8 /* Icon-58.png */ = {isa = PBXFileReference; lastKnownFileType = image.png; path = "Icon-58.png"; sourceTree = "<group>"; };
		50EF629417ECD46A001EB2F8 /* Icon-80.png */ = {isa = PBXFileReference; lastKnownFileType = image.png; path = "Icon-80.png"; sourceTree = "<group>"; };
		50EF629517ECD46A001EB2F8 /* Icon-100.png */ = {isa = PBXFileReference; lastKnownFileType = image.png; path = "Icon-100.png"; sourceTree = "<group>"; };
		50EF62A017ECD613001EB2F8 /* Icon-29.png */ = {isa = PBXFileReference; lastKnownFileType = image.png; path = "Icon-29.png"; sourceTree = "<group>"; };
		50EF62A117ECD613001EB2F8 /* Icon-50.png */ = {isa = PBXFileReference; lastKnownFileType = image.png; path = "Icon-50.png"; sourceTree = "<group>"; };
		BF170DB012928DE900B8313A /* OpenGLES.framework */ = {isa = PBXFileReference; lastKnownFileType = wrapper.framework; name = OpenGLES.framework; path = System/Library/Frameworks/OpenGLES.framework; sourceTree = SDKROOT; };
		BF170DB412928DE900B8313A /* libz.dylib */ = {isa = PBXFileReference; lastKnownFileType = "compiled.mach-o.dylib"; name = libz.dylib; path = usr/lib/libz.dylib; sourceTree = SDKROOT; };
		BF1C47EA1293683800B63C5D /* QuartzCore.framework */ = {isa = PBXFileReference; lastKnownFileType = wrapper.framework; name = QuartzCore.framework; path = System/Library/Frameworks/QuartzCore.framework; sourceTree = SDKROOT; };
		CF35496B1A28223D00A740B9 /* cocos2d_libs.xcodeproj */ = {isa = PBXFileReference; lastKnownFileType = "wrapper.pb-project"; name = cocos2d_libs.xcodeproj; path = "/Users/qiong/Documents/hub/libs4cocos2d-x/../../source/cocos2d-x-3.2/build/cocos2d_libs.xcodeproj"; sourceTree = "<absolute>"; };
		CF3549911A28249E00A740B9 /* DMTest.cpp */ = {isa = PBXFileReference; fileEncoding = 4; lastKnownFileType = sourcecode.cpp.cpp; path = DMTest.cpp; sourceTree = "<group>"; };
		CF3549921A28249E00A740B9 /* DMTest.h */ = {isa = PBXFileReference; fileEncoding = 4; lastKnownFileType = sourcecode.c.h; path = DMTest.h; sourceTree = "<group>"; };
		CF89FE841A275899008A8174 /* VisibleRect.cpp */ = {isa = PBXFileReference; fileEncoding = 4; lastKnownFileType = sourcecode.cpp.cpp; path = VisibleRect.cpp; sourceTree = "<group>"; };
		CF89FE851A275899008A8174 /* VisibleRect.h */ = {isa = PBXFileReference; fileEncoding = 4; lastKnownFileType = sourcecode.c.h; path = VisibleRect.h; sourceTree = "<group>"; };
		CF89FEBE1A2764C4008A8174 /* libmdm_ios.a */ = {isa = PBXFileReference; lastKnownFileType = archive.ar; name = libmdm_ios.a; path = "../../DerivedData/all_libs/Build/Products/Debug-iphonesimulator/libmdm_ios.a"; sourceTree = "<group>"; };
		CF89FECC1A2764C4008A8174 /* libmdm_ios.a */ = {isa = PBXFileReference; lastKnownFileType = archive.ar; name = libmdm_ios.a; path = "../../DerivedData/all_libs/Build/Products/Debug-iphonesimulator/libmdm_ios.a"; sourceTree = "<group>"; };
		CF89FEDB1A276579008A8174 /* libcocos2dx iOS.a */ = {isa = PBXFileReference; lastKnownFileType = archive.ar; name = "libcocos2dx iOS.a"; path = "../../../../source/cocos2d-x-3.2/build/build/Debug-iphoneos/libcocos2dx iOS.a"; sourceTree = "<group>"; };
		CFB15FF5196EE3E500E76456 /* TestSceneExample.cpp */ = {isa = PBXFileReference; fileEncoding = 4; lastKnownFileType = sourcecode.cpp.cpp; path = TestSceneExample.cpp; sourceTree = "<group>"; };
		CFB15FF6196EE3E500E76456 /* TestSceneExample.h */ = {isa = PBXFileReference; fileEncoding = 4; lastKnownFileType = sourcecode.c.h; path = TestSceneExample.h; sourceTree = "<group>"; };
		CFB1602C196F98C600E76456 /* GlobalTestcases.cpp */ = {isa = PBXFileReference; fileEncoding = 4; lastKnownFileType = sourcecode.cpp.cpp; path = GlobalTestcases.cpp; sourceTree = "<group>"; };
		CFB1602D196F98C600E76456 /* GlobalTestcases.h */ = {isa = PBXFileReference; fileEncoding = 4; lastKnownFileType = sourcecode.c.h; path = GlobalTestcases.h; sourceTree = "<group>"; };
		CFB1602F196F98C600E76456 /* TestScene.cpp */ = {isa = PBXFileReference; fileEncoding = 4; lastKnownFileType = sourcecode.cpp.cpp; path = TestScene.cpp; sourceTree = "<group>"; };
		CFB16030196F98C600E76456 /* TestScene.h */ = {isa = PBXFileReference; fileEncoding = 4; lastKnownFileType = sourcecode.c.h; path = TestScene.h; sourceTree = "<group>"; };
		CFB16031196F98C600E76456 /* UnitTestLayer.cpp */ = {isa = PBXFileReference; fileEncoding = 4; lastKnownFileType = sourcecode.cpp.cpp; path = UnitTestLayer.cpp; sourceTree = "<group>"; };
		CFB16032196F98C600E76456 /* UnitTestLayer.h */ = {isa = PBXFileReference; fileEncoding = 4; lastKnownFileType = sourcecode.c.h; path = UnitTestLayer.h; sourceTree = "<group>"; };
		CFC123401A2D55CF003AE428 /* IosTest.cpp */ = {isa = PBXFileReference; fileEncoding = 4; lastKnownFileType = sourcecode.cpp.cpp; path = IosTest.cpp; sourceTree = "<group>"; };
		CFC123411A2D55CF003AE428 /* IosTest.h */ = {isa = PBXFileReference; fileEncoding = 4; lastKnownFileType = sourcecode.c.h; path = IosTest.h; sourceTree = "<group>"; };
		CFC123551A2D5D9C003AE428 /* AlertHelper.h */ = {isa = PBXFileReference; fileEncoding = 4; lastKnownFileType = sourcecode.c.h; path = AlertHelper.h; sourceTree = "<group>"; };
		CFC123561A2D5D9C003AE428 /* AlertHelper.mm */ = {isa = PBXFileReference; fileEncoding = 4; lastKnownFileType = sourcecode.cpp.objcpp; path = AlertHelper.mm; sourceTree = "<group>"; };
		CFC123571A2D5D9C003AE428 /* IsolatedAlert.h */ = {isa = PBXFileReference; fileEncoding = 4; lastKnownFileType = sourcecode.c.h; path = IsolatedAlert.h; sourceTree = "<group>"; };
		CFC123581A2D5D9C003AE428 /* IsolatedAlert.mm */ = {isa = PBXFileReference; fileEncoding = 4; lastKnownFileType = sourcecode.cpp.objcpp; path = IsolatedAlert.mm; sourceTree = "<group>"; };
		CFC123591A2D5D9C003AE428 /* DeviceUtil.h */ = {isa = PBXFileReference; fileEncoding = 4; lastKnownFileType = sourcecode.c.h; path = DeviceUtil.h; sourceTree = "<group>"; };
		CFC1235A1A2D5D9C003AE428 /* DeviceUtil.mm */ = {isa = PBXFileReference; fileEncoding = 4; lastKnownFileType = sourcecode.cpp.objcpp; path = DeviceUtil.mm; sourceTree = "<group>"; };
		CFC1235B1A2D5D9C003AE428 /* GameCenterUtil.h */ = {isa = PBXFileReference; fileEncoding = 4; lastKnownFileType = sourcecode.c.h; path = GameCenterUtil.h; sourceTree = "<group>"; };
		CFC1235C1A2D5D9C003AE428 /* GameCenterUtil.mm */ = {isa = PBXFileReference; fileEncoding = 4; lastKnownFileType = sourcecode.cpp.objcpp; path = GameCenterUtil.mm; sourceTree = "<group>"; };
		CFC123651A2D5D9C003AE428 /* Reachability.h */ = {isa = PBXFileReference; fileEncoding = 4; lastKnownFileType = sourcecode.c.h; path = Reachability.h; sourceTree = "<group>"; };
		CFC123661A2D5D9C003AE428 /* Reachability.m */ = {isa = PBXFileReference; fileEncoding = 4; lastKnownFileType = sourcecode.c.objc; path = Reachability.m; sourceTree = "<group>"; };
		CFC123671A2D5D9C003AE428 /* RootViewProxy.h */ = {isa = PBXFileReference; fileEncoding = 4; lastKnownFileType = sourcecode.c.h; path = RootViewProxy.h; sourceTree = "<group>"; };
		CFC123681A2D5D9C003AE428 /* RootViewProxy.m */ = {isa = PBXFileReference; fileEncoding = 4; lastKnownFileType = sourcecode.c.objc; path = RootViewProxy.m; sourceTree = "<group>"; };
		CFC123731A2D60C5003AE428 /* LocalNotify.h */ = {isa = PBXFileReference; fileEncoding = 4; lastKnownFileType = sourcecode.c.h; path = LocalNotify.h; sourceTree = "<group>"; };
		CFC123741A2D60C5003AE428 /* LocalNotify.mm */ = {isa = PBXFileReference; fileEncoding = 4; lastKnownFileType = sourcecode.cpp.objcpp; path = LocalNotify.mm; sourceTree = "<group>"; };
		CFC123751A2D60C5003AE428 /* NotificationHelper.h */ = {isa = PBXFileReference; fileEncoding = 4; lastKnownFileType = sourcecode.c.h; path = NotificationHelper.h; sourceTree = "<group>"; };
		CFC123761A2D60C5003AE428 /* NotificationHelper.mm */ = {isa = PBXFileReference; fileEncoding = 4; lastKnownFileType = sourcecode.cpp.objcpp; path = NotificationHelper.mm; sourceTree = "<group>"; };
		CFC123791A2D9292003AE428 /* GameKit.framework */ = {isa = PBXFileReference; lastKnownFileType = wrapper.framework; name = GameKit.framework; path = Platforms/iPhoneOS.platform/Developer/SDKs/iPhoneOS8.0.sdk/System/Library/Frameworks/GameKit.framework; sourceTree = DEVELOPER_DIR; };
		CFC1237B1A2D93A8003AE428 /* CoreFoundation.framework */ = {isa = PBXFileReference; lastKnownFileType = wrapper.framework; name = CoreFoundation.framework; path = Platforms/iPhoneOS.platform/Developer/SDKs/iPhoneOS8.0.sdk/System/Library/Frameworks/CoreFoundation.framework; sourceTree = DEVELOPER_DIR; };
		CFC1237D1A2D9414003AE428 /* SystemConfiguration.framework */ = {isa = PBXFileReference; lastKnownFileType = wrapper.framework; name = SystemConfiguration.framework; path = Platforms/iPhoneOS.platform/Developer/SDKs/iPhoneOS8.0.sdk/System/Library/Frameworks/SystemConfiguration.framework; sourceTree = DEVELOPER_DIR; };
		CFC1237F1A2D944E003AE428 /* MessageUI.framework */ = {isa = PBXFileReference; lastKnownFileType = wrapper.framework; name = MessageUI.framework; path = Platforms/iPhoneOS.platform/Developer/SDKs/iPhoneOS8.0.sdk/System/Library/Frameworks/MessageUI.framework; sourceTree = DEVELOPER_DIR; };
		CFC123811A2DA510003AE428 /* LoadingHelper.h */ = {isa = PBXFileReference; fileEncoding = 4; lastKnownFileType = sourcecode.c.h; path = LoadingHelper.h; sourceTree = "<group>"; };
		CFC123821A2DA510003AE428 /* LoadingHelper.mm */ = {isa = PBXFileReference; fileEncoding = 4; lastKnownFileType = sourcecode.cpp.objcpp; path = LoadingHelper.mm; sourceTree = "<group>"; };
		CFC123851A2DB9BC003AE428 /* AudioHelper.cpp */ = {isa = PBXFileReference; fileEncoding = 4; lastKnownFileType = sourcecode.cpp.cpp; path = AudioHelper.cpp; sourceTree = "<group>"; };
		CFC123861A2DB9BC003AE428 /* AudioHelper.h */ = {isa = PBXFileReference; fileEncoding = 4; lastKnownFileType = sourcecode.c.h; path = AudioHelper.h; sourceTree = "<group>"; };
		CFD014F81A2ABBA500CE481C /* libaes.a */ = {isa = PBXFileReference; lastKnownFileType = archive.ar; name = libaes.a; path = "../../../module_data_manager/aes/build/Default-iphonesimulator/libaes.a"; sourceTree = "<group>"; };
		CFD015031A2AE46D00CE481C /* encrypt */ = {isa = PBXFileReference; lastKnownFileType = folder; path = encrypt; sourceTree = "<group>"; };
		CFD015041A2AE46D00CE481C /* origin */ = {isa = PBXFileReference; lastKnownFileType = folder; path = origin; sourceTree = "<group>"; };
		CFF07A5C1A29F51B00B4BD6A /* Serializable.cpp */ = {isa = PBXFileReference; fileEncoding = 4; lastKnownFileType = sourcecode.cpp.cpp; path = Serializable.cpp; sourceTree = "<group>"; };
		CFF07A6B1A29F53500B4BD6A /* Serializable.h */ = {isa = PBXFileReference; lastKnownFileType = sourcecode.c.h; path = Serializable.h; sourceTree = "<group>"; };
		D44C620B132DFF330009C878 /* OpenAL.framework */ = {isa = PBXFileReference; lastKnownFileType = wrapper.framework; name = OpenAL.framework; path = System/Library/Frameworks/OpenAL.framework; sourceTree = SDKROOT; };
		D44C620D132DFF430009C878 /* AVFoundation.framework */ = {isa = PBXFileReference; lastKnownFileType = wrapper.framework; name = AVFoundation.framework; path = System/Library/Frameworks/AVFoundation.framework; sourceTree = SDKROOT; };
		D44C620F132DFF4E0009C878 /* AudioToolbox.framework */ = {isa = PBXFileReference; lastKnownFileType = wrapper.framework; name = AudioToolbox.framework; path = System/Library/Frameworks/AudioToolbox.framework; sourceTree = SDKROOT; };
		D6B0611A1803AB670077942B /* CoreMotion.framework */ = {isa = PBXFileReference; lastKnownFileType = wrapper.framework; name = CoreMotion.framework; path = Platforms/iPhoneOS.platform/Developer/SDKs/iPhoneOS7.0.sdk/System/Library/Frameworks/CoreMotion.framework; sourceTree = DEVELOPER_DIR; };
/* End PBXFileReference section */

/* Begin PBXFrameworksBuildPhase section */
		1D60588F0D05DD3D006BFB54 /* Frameworks */ = {
			isa = PBXFrameworksBuildPhase;
			buildActionMask = 2147483647;
			files = (
				CFC123891A2DBA73003AE428 /* libCocosDenshion iOS.a in Frameworks */,
				CFC123801A2D944E003AE428 /* MessageUI.framework in Frameworks */,
				CFC1237E1A2D9414003AE428 /* SystemConfiguration.framework in Frameworks */,
				CFC1237C1A2D93A8003AE428 /* CoreFoundation.framework in Frameworks */,
				CFC1237A1A2D9292003AE428 /* GameKit.framework in Frameworks */,
				CF35498F1A28237D00A740B9 /* libcocos2dx iOS.a in Frameworks */,
				D6B0611B1803AB670077942B /* CoreMotion.framework in Frameworks */,
				1D60589F0D05DD5A006BFB54 /* Foundation.framework in Frameworks */,
				1DF5F4E00D08C38300B7A737 /* UIKit.framework in Frameworks */,
				288765A50DF7441C002DB57D /* CoreGraphics.framework in Frameworks */,
				BF171245129291EC00B8313A /* OpenGLES.framework in Frameworks */,
				BF1712471292920000B8313A /* libz.dylib in Frameworks */,
				BF1C47F01293687400B63C5D /* QuartzCore.framework in Frameworks */,
				D44C620C132DFF330009C878 /* OpenAL.framework in Frameworks */,
				D44C620E132DFF430009C878 /* AVFoundation.framework in Frameworks */,
				D44C6210132DFF4E0009C878 /* AudioToolbox.framework in Frameworks */,
				CFD014F91A2ABBA500CE481C /* libaes.a in Frameworks */,
			);
			runOnlyForDeploymentPostprocessing = 0;
		};
		5087E75C17EB910900C73F5D /* Frameworks */ = {
			isa = PBXFrameworksBuildPhase;
			buildActionMask = 2147483647;
			files = (
				503AE11217EB99EE00D1A890 /* libcurl.dylib in Frameworks */,
				5087E76717EB910900C73F5D /* libz.dylib in Frameworks */,
				503AE11B17EB9C5A00D1A890 /* IOKit.framework in Frameworks */,
				5087E78B17EB975400C73F5D /* OpenGL.framework in Frameworks */,
				5087E78917EB974C00C73F5D /* AppKit.framework in Frameworks */,
				5087E76317EB910900C73F5D /* Foundation.framework in Frameworks */,
				5087E76517EB910900C73F5D /* CoreGraphics.framework in Frameworks */,
				5087E76817EB910900C73F5D /* QuartzCore.framework in Frameworks */,
				5087E76917EB910900C73F5D /* OpenAL.framework in Frameworks */,
				5087E76A17EB910900C73F5D /* AVFoundation.framework in Frameworks */,
				5087E76B17EB910900C73F5D /* AudioToolbox.framework in Frameworks */,
			);
			runOnlyForDeploymentPostprocessing = 0;
		};
/* End PBXFrameworksBuildPhase section */

/* Begin PBXGroup section */
		080E96DDFE201D6D7F000001 /* ios */ = {
			isa = PBXGroup;
			children = (
				CFC123531A2D5D9C003AE428 /* module_ios */,
				CFD014F71A2ABB9B00CE481C /* libs */,
				5087E77117EB970100C73F5D /* Icons */,
				503AE0FA17EB989F00D1A890 /* AppController.h */,
				503AE0FB17EB989F00D1A890 /* AppController.mm */,
				503AE0FC17EB989F00D1A890 /* main.m */,
				503AE0FD17EB989F00D1A890 /* Prefix.pch */,
				503AE0FE17EB989F00D1A890 /* RootViewController.h */,
				503AE0FF17EB989F00D1A890 /* RootViewController.mm */,
			);
			name = ios;
			path = Classes;
			sourceTree = "<group>";
		};
		15AA9C4015B7EC450033D6C2 /* Classes */ = {
			isa = PBXGroup;
			children = (
				CFC1233F1A2D55CF003AE428 /* ios_test */,
				CF3549901A28249E00A740B9 /* dm_test */,
				CFB1602B196F98C600E76456 /* UnitTest */,
				CFB15FF4196EE3E500E76456 /* examples_test */,
				1AFAF8B316D35DE700DB1158 /* AppDelegate.cpp */,
				1AFAF8B416D35DE700DB1158 /* AppDelegate.h */,
			);
			name = Classes;
			path = ../classes;
			sourceTree = "<group>";
		};
		19C28FACFE9D520D11CA2CBB /* Products */ = {
			isa = PBXGroup;
			children = (
				1D6058910D05DD3D006BFB54 /* test iOS.app */,
				5087E76F17EB910900C73F5D /* test Mac.app */,
			);
			name = Products;
			sourceTree = "<group>";
		};
		29B97314FDCFA39411CA2CEA /* CustomTemplate */ = {
			isa = PBXGroup;
			children = (
				CFC123841A2DB9BC003AE428 /* module_audio */,
				CF35496B1A28223D00A740B9 /* cocos2d_libs.xcodeproj */,
				15AA9C4015B7EC450033D6C2 /* Classes */,
				29B97323FDCFA39411CA2CEA /* Frameworks */,
				080E96DDFE201D6D7F000001 /* ios */,
				503AE10617EB990700D1A890 /* mac */,
				19C28FACFE9D520D11CA2CBB /* Products */,
				78C7DDAA14EBA5050085D0C2 /* Resources */,
			);
			name = CustomTemplate;
			sourceTree = "<group>";
		};
		29B97323FDCFA39411CA2CEA /* Frameworks */ = {
			isa = PBXGroup;
			children = (
				CFC1237F1A2D944E003AE428 /* MessageUI.framework */,
				CFC1237D1A2D9414003AE428 /* SystemConfiguration.framework */,
				CFC1237B1A2D93A8003AE428 /* CoreFoundation.framework */,
				CFC123791A2D9292003AE428 /* GameKit.framework */,
				CF89FEDB1A276579008A8174 /* libcocos2dx iOS.a */,
				CF89FECC1A2764C4008A8174 /* libmdm_ios.a */,
				CF89FEBE1A2764C4008A8174 /* libmdm_ios.a */,
				D6B0611A1803AB670077942B /* CoreMotion.framework */,
				503AE11A17EB9C5A00D1A890 /* IOKit.framework */,
				503AE11117EB99EE00D1A890 /* libcurl.dylib */,
				5087E78A17EB975400C73F5D /* OpenGL.framework */,
				5087E78817EB974C00C73F5D /* AppKit.framework */,
				1ACB3243164770DE00914215 /* libcurl.a */,
				BF170DB412928DE900B8313A /* libz.dylib */,
				D44C620F132DFF4E0009C878 /* AudioToolbox.framework */,
				D44C620D132DFF430009C878 /* AVFoundation.framework */,
				288765A40DF7441C002DB57D /* CoreGraphics.framework */,
				1D30AB110D05D00D00671497 /* Foundation.framework */,
				D44C620B132DFF330009C878 /* OpenAL.framework */,
				BF170DB012928DE900B8313A /* OpenGLES.framework */,
				BF1C47EA1293683800B63C5D /* QuartzCore.framework */,
				1DF5F4DF0D08C38300B7A737 /* UIKit.framework */,
			);
			name = Frameworks;
			sourceTree = "<group>";
		};
		503AE0F517EB97AB00D1A890 /* Icons */ = {
			isa = PBXGroup;
			children = (
				503AE0F617EB97AB00D1A890 /* Icon.icns */,
				503AE0F717EB97AB00D1A890 /* Info.plist */,
			);
			name = Icons;
			path = mac;
			sourceTree = SOURCE_ROOT;
		};
		503AE10617EB990700D1A890 /* mac */ = {
			isa = PBXGroup;
			children = (
				503AE0F517EB97AB00D1A890 /* Icons */,
				503AE10317EB98FF00D1A890 /* main.cpp */,
				503AE10417EB98FF00D1A890 /* Prefix.pch */,
			);
			name = mac;
			sourceTree = "<group>";
		};
		5087E77117EB970100C73F5D /* Icons */ = {
			isa = PBXGroup;
			children = (
				5087E77217EB970100C73F5D /* Default-568h@2x.png */,
				5087E77317EB970100C73F5D /* Default.png */,
				5087E77417EB970100C73F5D /* Default@2x.png */,
				50EF62A017ECD613001EB2F8 /* Icon-29.png */,
				50EF62A117ECD613001EB2F8 /* Icon-50.png */,
				50EF629217ECD46A001EB2F8 /* Icon-40.png */,
				50EF629317ECD46A001EB2F8 /* Icon-58.png */,
				50EF629417ECD46A001EB2F8 /* Icon-80.png */,
				50EF629517ECD46A001EB2F8 /* Icon-100.png */,
				5087E77517EB970100C73F5D /* Icon-114.png */,
				5087E77617EB970100C73F5D /* Icon-120.png */,
				5087E77717EB970100C73F5D /* Icon-144.png */,
				5087E77817EB970100C73F5D /* Icon-152.png */,
				5087E77917EB970100C73F5D /* Icon-57.png */,
				5087E77A17EB970100C73F5D /* Icon-72.png */,
				5087E77B17EB970100C73F5D /* Icon-76.png */,
				5087E77C17EB970100C73F5D /* Info.plist */,
			);
			name = Icons;
			path = ios;
			sourceTree = SOURCE_ROOT;
		};
		78C7DDAA14EBA5050085D0C2 /* Resources */ = {
			isa = PBXGroup;
			children = (
				CFD015031A2AE46D00CE481C /* encrypt */,
				CFD015041A2AE46D00CE481C /* origin */,
			);
			name = Resources;
			path = ../Resources;
			sourceTree = "<group>";
		};
		CF35496C1A28223D00A740B9 /* Products */ = {
			isa = PBXGroup;
			children = (
				CF35497B1A28223D00A740B9 /* libcocos2dx Mac.a */,
				CF35497D1A28223D00A740B9 /* libcocos2dx-extensions Mac.a */,
				CF35497F1A28223D00A740B9 /* libchipmunk Mac.a */,
				CF3549811A28223D00A740B9 /* libbox2d Mac.a */,
				CF3549831A28223D00A740B9 /* libCocosDenshion Mac.a */,
				CF3549851A28223D00A740B9 /* libcocos2dx iOS.a */,
				CF3549871A28223D00A740B9 /* libcocos2dx-extensions iOS.a */,
				CF3549891A28223D00A740B9 /* libchipmunk iOS.a */,
				CF35498B1A28223D00A740B9 /* libbox2d iOS.a */,
				CF35498D1A28223D00A740B9 /* libCocosDenshion iOS.a */,
			);
			name = Products;
			sourceTree = "<group>";
		};
		CF3549901A28249E00A740B9 /* dm_test */ = {
			isa = PBXGroup;
			children = (
				CF3549911A28249E00A740B9 /* DMTest.cpp */,
				CF3549921A28249E00A740B9 /* DMTest.h */,
				CFF07A5C1A29F51B00B4BD6A /* Serializable.cpp */,
				CFF07A6B1A29F53500B4BD6A /* Serializable.h */,
			);
			name = dm_test;
			path = ../Classes/dm_test;
			sourceTree = "<group>";
		};
		CFB15FF4196EE3E500E76456 /* examples_test */ = {
			isa = PBXGroup;
			children = (
				CFB15FF5196EE3E500E76456 /* TestSceneExample.cpp */,
				CFB15FF6196EE3E500E76456 /* TestSceneExample.h */,
			);
			name = examples_test;
			path = ../Classes/examples;
			sourceTree = "<group>";
		};
		CFB1602B196F98C600E76456 /* UnitTest */ = {
			isa = PBXGroup;
			children = (
				CF89FE841A275899008A8174 /* VisibleRect.cpp */,
				CF89FE851A275899008A8174 /* VisibleRect.h */,
				CFB1602C196F98C600E76456 /* GlobalTestcases.cpp */,
				CFB1602D196F98C600E76456 /* GlobalTestcases.h */,
				CFB1602F196F98C600E76456 /* TestScene.cpp */,
				CFB16030196F98C600E76456 /* TestScene.h */,
				CFB16031196F98C600E76456 /* UnitTestLayer.cpp */,
				CFB16032196F98C600E76456 /* UnitTestLayer.h */,
			);
			name = UnitTest;
			path = ../Classes/UnitTest;
			sourceTree = "<group>";
		};
		CFC1233F1A2D55CF003AE428 /* ios_test */ = {
			isa = PBXGroup;
			children = (
				CFC123401A2D55CF003AE428 /* IosTest.cpp */,
				CFC123411A2D55CF003AE428 /* IosTest.h */,
			);
			name = ios_test;
			path = ../Classes/ios_test;
			sourceTree = "<group>";
		};
		CFC123531A2D5D9C003AE428 /* module_ios */ = {
			isa = PBXGroup;
			children = (
				CFC123541A2D5D9C003AE428 /* alert_dialog */,
				CFC123591A2D5D9C003AE428 /* DeviceUtil.h */,
				CFC1235A1A2D5D9C003AE428 /* DeviceUtil.mm */,
				CFC1235B1A2D5D9C003AE428 /* GameCenterUtil.h */,
				CFC1235C1A2D5D9C003AE428 /* GameCenterUtil.mm */,
				CFC1235D1A2D5D9C003AE428 /* loading_dialog */,
				CFC123721A2D60C5003AE428 /* notifications */,
				CFC123641A2D5D9C003AE428 /* reachability */,
				CFC123671A2D5D9C003AE428 /* RootViewProxy.h */,
				CFC123681A2D5D9C003AE428 /* RootViewProxy.m */,
			);
			name = module_ios;
			path = ../../../module_ios;
			sourceTree = "<group>";
		};
		CFC123541A2D5D9C003AE428 /* alert_dialog */ = {
			isa = PBXGroup;
			children = (
				CFC123551A2D5D9C003AE428 /* AlertHelper.h */,
				CFC123561A2D5D9C003AE428 /* AlertHelper.mm */,
				CFC123571A2D5D9C003AE428 /* IsolatedAlert.h */,
				CFC123581A2D5D9C003AE428 /* IsolatedAlert.mm */,
			);
			path = alert_dialog;
			sourceTree = "<group>";
		};
		CFC1235D1A2D5D9C003AE428 /* loading_dialog */ = {
			isa = PBXGroup;
			children = (
				CFC123811A2DA510003AE428 /* LoadingHelper.h */,
				CFC123821A2DA510003AE428 /* LoadingHelper.mm */,
			);
			path = loading_dialog;
			sourceTree = "<group>";
		};
		CFC123641A2D5D9C003AE428 /* reachability */ = {
			isa = PBXGroup;
			children = (
				CFC123651A2D5D9C003AE428 /* Reachability.h */,
				CFC123661A2D5D9C003AE428 /* Reachability.m */,
			);
			path = reachability;
			sourceTree = "<group>";
		};
		CFC123721A2D60C5003AE428 /* notifications */ = {
			isa = PBXGroup;
			children = (
				CFC123731A2D60C5003AE428 /* LocalNotify.h */,
				CFC123741A2D60C5003AE428 /* LocalNotify.mm */,
				CFC123751A2D60C5003AE428 /* NotificationHelper.h */,
				CFC123761A2D60C5003AE428 /* NotificationHelper.mm */,
			);
			path = notifications;
			sourceTree = "<group>";
		};
		CFC123841A2DB9BC003AE428 /* module_audio */ = {
			isa = PBXGroup;
			children = (
				CFC123851A2DB9BC003AE428 /* AudioHelper.cpp */,
				CFC123861A2DB9BC003AE428 /* AudioHelper.h */,
			);
			name = module_audio;
			path = ../../module_audio;
			sourceTree = "<group>";
		};
		CFD014F71A2ABB9B00CE481C /* libs */ = {
			isa = PBXGroup;
			children = (
				CFD014F81A2ABBA500CE481C /* libaes.a */,
			);
			name = libs;
			sourceTree = "<group>";
		};
/* End PBXGroup section */

/* Begin PBXNativeTarget section */
		1D6058900D05DD3D006BFB54 /* test iOS */ = {
			isa = PBXNativeTarget;
			buildConfigurationList = 1D6058960D05DD3E006BFB54 /* Build configuration list for PBXNativeTarget "test iOS" */;
			buildPhases = (
				1D60588D0D05DD3D006BFB54 /* Resources */,
				1D60588E0D05DD3D006BFB54 /* Sources */,
				1D60588F0D05DD3D006BFB54 /* Frameworks */,
			);
			buildRules = (
			);
			dependencies = (
			);
			name = "test iOS";
			productName = iphone;
			productReference = 1D6058910D05DD3D006BFB54 /* test iOS.app */;
			productType = "com.apple.product-type.application";
		};
		5087E73D17EB910900C73F5D /* test Mac */ = {
			isa = PBXNativeTarget;
			buildConfigurationList = 5087E76C17EB910900C73F5D /* Build configuration list for PBXNativeTarget "test Mac" */;
			buildPhases = (
				5087E74817EB910900C73F5D /* Resources */,
				5087E75617EB910900C73F5D /* Sources */,
				5087E75C17EB910900C73F5D /* Frameworks */,
			);
			buildRules = (
			);
			dependencies = (
			);
			name = "test Mac";
			productName = iphone;
			productReference = 5087E76F17EB910900C73F5D /* test Mac.app */;
			productType = "com.apple.product-type.application";
		};
/* End PBXNativeTarget section */

/* Begin PBXProject section */
		29B97313FDCFA39411CA2CEA /* Project object */ = {
			isa = PBXProject;
			attributes = {
				LastUpgradeCheck = 0500;
			};
			buildConfigurationList = C01FCF4E08A954540054247B /* Build configuration list for PBXProject "test" */;
			compatibilityVersion = "Xcode 3.2";
			developmentRegion = English;
			hasScannedForEncodings = 1;
			knownRegions = (
				English,
				Japanese,
				French,
				German,
			);
			mainGroup = 29B97314FDCFA39411CA2CEA /* CustomTemplate */;
			projectDirPath = "";
			projectReferences = (
				{
					ProductGroup = CF35496C1A28223D00A740B9 /* Products */;
					ProjectRef = CF35496B1A28223D00A740B9 /* cocos2d_libs.xcodeproj */;
				},
			);
			projectRoot = "";
			targets = (
				1D6058900D05DD3D006BFB54 /* test iOS */,
				5087E73D17EB910900C73F5D /* test Mac */,
			);
		};
/* End PBXProject section */

/* Begin PBXReferenceProxy section */
		CF35497B1A28223D00A740B9 /* libcocos2dx Mac.a */ = {
			isa = PBXReferenceProxy;
			fileType = archive.ar;
			path = "libcocos2dx Mac.a";
			remoteRef = CF35497A1A28223D00A740B9 /* PBXContainerItemProxy */;
			sourceTree = BUILT_PRODUCTS_DIR;
		};
		CF35497D1A28223D00A740B9 /* libcocos2dx-extensions Mac.a */ = {
			isa = PBXReferenceProxy;
			fileType = archive.ar;
			path = "libcocos2dx-extensions Mac.a";
			remoteRef = CF35497C1A28223D00A740B9 /* PBXContainerItemProxy */;
			sourceTree = BUILT_PRODUCTS_DIR;
		};
		CF35497F1A28223D00A740B9 /* libchipmunk Mac.a */ = {
			isa = PBXReferenceProxy;
			fileType = archive.ar;
			path = "libchipmunk Mac.a";
			remoteRef = CF35497E1A28223D00A740B9 /* PBXContainerItemProxy */;
			sourceTree = BUILT_PRODUCTS_DIR;
		};
		CF3549811A28223D00A740B9 /* libbox2d Mac.a */ = {
			isa = PBXReferenceProxy;
			fileType = archive.ar;
			path = "libbox2d Mac.a";
			remoteRef = CF3549801A28223D00A740B9 /* PBXContainerItemProxy */;
			sourceTree = BUILT_PRODUCTS_DIR;
		};
		CF3549831A28223D00A740B9 /* libCocosDenshion Mac.a */ = {
			isa = PBXReferenceProxy;
			fileType = archive.ar;
			path = "libCocosDenshion Mac.a";
			remoteRef = CF3549821A28223D00A740B9 /* PBXContainerItemProxy */;
			sourceTree = BUILT_PRODUCTS_DIR;
		};
		CF3549851A28223D00A740B9 /* libcocos2dx iOS.a */ = {
			isa = PBXReferenceProxy;
			fileType = archive.ar;
			path = "libcocos2dx iOS.a";
			remoteRef = CF3549841A28223D00A740B9 /* PBXContainerItemProxy */;
			sourceTree = BUILT_PRODUCTS_DIR;
		};
		CF3549871A28223D00A740B9 /* libcocos2dx-extensions iOS.a */ = {
			isa = PBXReferenceProxy;
			fileType = archive.ar;
			path = "libcocos2dx-extensions iOS.a";
			remoteRef = CF3549861A28223D00A740B9 /* PBXContainerItemProxy */;
			sourceTree = BUILT_PRODUCTS_DIR;
		};
		CF3549891A28223D00A740B9 /* libchipmunk iOS.a */ = {
			isa = PBXReferenceProxy;
			fileType = archive.ar;
			path = "libchipmunk iOS.a";
			remoteRef = CF3549881A28223D00A740B9 /* PBXContainerItemProxy */;
			sourceTree = BUILT_PRODUCTS_DIR;
		};
		CF35498B1A28223D00A740B9 /* libbox2d iOS.a */ = {
			isa = PBXReferenceProxy;
			fileType = archive.ar;
			path = "libbox2d iOS.a";
			remoteRef = CF35498A1A28223D00A740B9 /* PBXContainerItemProxy */;
			sourceTree = BUILT_PRODUCTS_DIR;
		};
		CF35498D1A28223D00A740B9 /* libCocosDenshion iOS.a */ = {
			isa = PBXReferenceProxy;
			fileType = archive.ar;
			path = "libCocosDenshion iOS.a";
			remoteRef = CF35498C1A28223D00A740B9 /* PBXContainerItemProxy */;
			sourceTree = BUILT_PRODUCTS_DIR;
		};
/* End PBXReferenceProxy section */

/* Begin PBXResourcesBuildPhase section */
		1D60588D0D05DD3D006BFB54 /* Resources */ = {
			isa = PBXResourcesBuildPhase;
			buildActionMask = 2147483647;
			files = (
				CFD015051A2AE46D00CE481C /* encrypt in Resources */,
				5087E78117EB970100C73F5D /* Icon-120.png in Resources */,
				5087E78617EB970100C73F5D /* Icon-76.png in Resources */,
				5087E77F17EB970100C73F5D /* Default@2x.png in Resources */,
				50EF629917ECD46A001EB2F8 /* Icon-100.png in Resources */,
				5087E78317EB970100C73F5D /* Icon-152.png in Resources */,
				CFD015071A2AE46D00CE481C /* origin in Resources */,
				5087E77D17EB970100C73F5D /* Default-568h@2x.png in Resources */,
				5087E78517EB970100C73F5D /* Icon-72.png in Resources */,
				50EF62A317ECD613001EB2F8 /* Icon-50.png in Resources */,
				5087E78017EB970100C73F5D /* Icon-114.png in Resources */,
				50EF62A217ECD613001EB2F8 /* Icon-29.png in Resources */,
				50EF629617ECD46A001EB2F8 /* Icon-40.png in Resources */,
				5087E78217EB970100C73F5D /* Icon-144.png in Resources */,
				50EF629817ECD46A001EB2F8 /* Icon-80.png in Resources */,
				5087E78417EB970100C73F5D /* Icon-57.png in Resources */,
				5087E77E17EB970100C73F5D /* Default.png in Resources */,
				50EF629717ECD46A001EB2F8 /* Icon-58.png in Resources */,
			);
			runOnlyForDeploymentPostprocessing = 0;
		};
		5087E74817EB910900C73F5D /* Resources */ = {
			isa = PBXResourcesBuildPhase;
			buildActionMask = 2147483647;
			files = (
				CFD015081A2AE46D00CE481C /* origin in Resources */,
				CFD015061A2AE46D00CE481C /* encrypt in Resources */,
				503AE0F817EB97AB00D1A890 /* Icon.icns in Resources */,
			);
			runOnlyForDeploymentPostprocessing = 0;
		};
/* End PBXResourcesBuildPhase section */

/* Begin PBXSourcesBuildPhase section */
		1D60588E0D05DD3D006BFB54 /* Sources */ = {
			isa = PBXSourcesBuildPhase;
			buildActionMask = 2147483647;
			files = (
				503AE10017EB989F00D1A890 /* AppController.mm in Sources */,
				CFB15FFE196EE3E500E76456 /* TestSceneExample.cpp in Sources */,
				CFC1236C1A2D5D9C003AE428 /* GameCenterUtil.mm in Sources */,
				CFC123691A2D5D9C003AE428 /* AlertHelper.mm in Sources */,
				503AE10217EB989F00D1A890 /* RootViewController.mm in Sources */,
				CFC123711A2D5D9C003AE428 /* RootViewProxy.m in Sources */,
				CFC123831A2DA510003AE428 /* LoadingHelper.mm in Sources */,
				CFC123771A2D60C5003AE428 /* LocalNotify.mm in Sources */,
				1AFAF8B716D35DE700DB1158 /* AppDelegate.cpp in Sources */,
				CFC1236A1A2D5D9C003AE428 /* IsolatedAlert.mm in Sources */,
				CF89FE861A275899008A8174 /* VisibleRect.cpp in Sources */,
				CFB16039196F98C600E76456 /* UnitTestLayer.cpp in Sources */,
				CF3549931A28249E00A740B9 /* DMTest.cpp in Sources */,
				CFF07A5D1A29F51B00B4BD6A /* Serializable.cpp in Sources */,
				CFC123781A2D60C5003AE428 /* NotificationHelper.mm in Sources */,
				CFC123701A2D5D9C003AE428 /* Reachability.m in Sources */,
				503AE10117EB989F00D1A890 /* main.m in Sources */,
				CFC1236B1A2D5D9C003AE428 /* DeviceUtil.mm in Sources */,
				CFB16037196F98C600E76456 /* TestScene.cpp in Sources */,
				CFB16033196F98C600E76456 /* GlobalTestcases.cpp in Sources */,
				CFC123871A2DB9BC003AE428 /* AudioHelper.cpp in Sources */,
				CFC123421A2D55CF003AE428 /* IosTest.cpp in Sources */,
			);
			runOnlyForDeploymentPostprocessing = 0;
		};
		5087E75617EB910900C73F5D /* Sources */ = {
			isa = PBXSourcesBuildPhase;
			buildActionMask = 2147483647;
			files = (
				CFF07A5E1A29F51B00B4BD6A /* Serializable.cpp in Sources */,
				CFB15FFF196EE3E500E76456 /* TestSceneExample.cpp in Sources */,
				CFC123881A2DB9BC003AE428 /* AudioHelper.cpp in Sources */,
				CFB16034196F98C600E76456 /* GlobalTestcases.cpp in Sources */,
				5087E75717EB910900C73F5D /* AppDelegate.cpp in Sources */,
				CF89FE871A275899008A8174 /* VisibleRect.cpp in Sources */,
				CF3549941A28249E00A740B9 /* DMTest.cpp in Sources */,
				CFB1603A196F98C600E76456 /* UnitTestLayer.cpp in Sources */,
				CFB16038196F98C600E76456 /* TestScene.cpp in Sources */,
				503AE10517EB98FF00D1A890 /* main.cpp in Sources */,
			);
			runOnlyForDeploymentPostprocessing = 0;
		};
/* End PBXSourcesBuildPhase section */

/* Begin XCBuildConfiguration section */
		1D6058940D05DD3E006BFB54 /* Debug */ = {
			isa = XCBuildConfiguration;
			buildSettings = {
				ALWAYS_SEARCH_USER_PATHS = YES;
				CODE_SIGN_IDENTITY = "iPhone Developer";
				COMPRESS_PNG_FILES = NO;
				GCC_DYNAMIC_NO_PIC = NO;
				GCC_INLINES_ARE_PRIVATE_EXTERN = NO;
				GCC_PRECOMPILE_PREFIX_HEADER = YES;
				GCC_PREFIX_HEADER = ios/Prefix.pch;
				GCC_PREPROCESSOR_DEFINITIONS = (
					USE_FILE32API,
					CC_TARGET_OS_IPHONE,
					"COCOS2D_DEBUG=1",
					"CC_ENABLE_CHIPMUNK_INTEGRATION=1",
				);
				GCC_SYMBOLS_PRIVATE_EXTERN = NO;
				HEADER_SEARCH_PATHS = (
					"$(inherited)",
					"/Users/qiong/Documents/source/cocos2d-x-3.2/cocos/platform/ios",
					"/Users/qiong/Documents/source/cocos2d-x-3.2/cocos/platform/ios/Simulation",
				);
				INFOPLIST_FILE = ios/Info.plist;
				IPHONEOS_DEPLOYMENT_TARGET = 5.0;
				LIBRARY_SEARCH_PATHS = "/Users/qiong/Documents/hub/libs4cocos2d-x/module_data_manager/aes/build/Default-iphonesimulator";
				SDKROOT = iphoneos;
				TARGETED_DEVICE_FAMILY = "1,2";
				USER_HEADER_SEARCH_PATHS = "";
			};
			name = Debug;
		};
		1D6058950D05DD3E006BFB54 /* Release */ = {
			isa = XCBuildConfiguration;
			buildSettings = {
				ALWAYS_SEARCH_USER_PATHS = YES;
				CODE_SIGN_IDENTITY = "iPhone Developer";
				COMPRESS_PNG_FILES = NO;
				GCC_INLINES_ARE_PRIVATE_EXTERN = NO;
				GCC_PRECOMPILE_PREFIX_HEADER = YES;
				GCC_PREFIX_HEADER = ios/Prefix.pch;
				GCC_PREPROCESSOR_DEFINITIONS = (
					USE_FILE32API,
					CC_TARGET_OS_IPHONE,
					"CC_ENABLE_CHIPMUNK_INTEGRATION=1",
				);
				GCC_SYMBOLS_PRIVATE_EXTERN = NO;
				HEADER_SEARCH_PATHS = (
					"$(inherited)",
					"/Users/qiong/Documents/source/cocos2d-x-3.2/cocos/platform/ios",
					"/Users/qiong/Documents/source/cocos2d-x-3.2/cocos/platform/ios/Simulation",
				);
				INFOPLIST_FILE = ios/Info.plist;
				IPHONEOS_DEPLOYMENT_TARGET = 5.0;
				LIBRARY_SEARCH_PATHS = "/Users/qiong/Documents/hub/libs4cocos2d-x/module_data_manager/aes/build/Default-iphonesimulator";
				SDKROOT = iphoneos;
				TARGETED_DEVICE_FAMILY = "1,2";
				USER_HEADER_SEARCH_PATHS = "";
			};
			name = Release;
		};
		5087E76D17EB910900C73F5D /* Debug */ = {
			isa = XCBuildConfiguration;
			buildSettings = {
				ALWAYS_SEARCH_USER_PATHS = YES;
				ARCHS = "$(ARCHS_STANDARD_64_BIT)";
				CLANG_CXX_LANGUAGE_STANDARD = "c++0x";
				CLANG_CXX_LIBRARY = "libc++";
				GCC_DYNAMIC_NO_PIC = NO;
				GCC_INLINES_ARE_PRIVATE_EXTERN = NO;
				GCC_PRECOMPILE_PREFIX_HEADER = YES;
				GCC_PREFIX_HEADER = mac/Prefix.pch;
				GCC_PREPROCESSOR_DEFINITIONS = (
					USE_FILE32API,
					CC_TARGET_OS_MAC,
					"COCOS2D_DEBUG=1",
					"CC_ENABLE_CHIPMUNK_INTEGRATION=1",
				);
				GCC_SYMBOLS_PRIVATE_EXTERN = NO;
				HEADER_SEARCH_PATHS = (
					"$(inherited)",
					"$(SRCROOT)/../cocos2d/cocos/platform/mac",
					"$(SRCROOT)/../cocos2d/external/glfw3/include/mac",
				);
				INFOPLIST_FILE = mac/Info.plist;
				LIBRARY_SEARCH_PATHS = "";
				PRODUCT_NAME = "test Mac";
				USER_HEADER_SEARCH_PATHS = "";
			};
			name = Debug;
		};
		5087E76E17EB910900C73F5D /* Release */ = {
			isa = XCBuildConfiguration;
			buildSettings = {
				ALWAYS_SEARCH_USER_PATHS = YES;
				ARCHS = "$(ARCHS_STANDARD_64_BIT)";
				CLANG_CXX_LANGUAGE_STANDARD = "c++0x";
				CLANG_CXX_LIBRARY = "libc++";
				GCC_INLINES_ARE_PRIVATE_EXTERN = NO;
				GCC_PRECOMPILE_PREFIX_HEADER = YES;
				GCC_PREFIX_HEADER = mac/Prefix.pch;
				GCC_PREPROCESSOR_DEFINITIONS = (
					USE_FILE32API,
					CC_TARGET_OS_MAC,
					"CC_ENABLE_CHIPMUNK_INTEGRATION=1",
				);
				GCC_SYMBOLS_PRIVATE_EXTERN = NO;
				HEADER_SEARCH_PATHS = (
					"$(inherited)",
					"$(SRCROOT)/../cocos2d/cocos/platform/mac",
					"$(SRCROOT)/../cocos2d/external/glfw3/include/mac",
				);
				INFOPLIST_FILE = mac/Info.plist;
				LIBRARY_SEARCH_PATHS = "";
				PRODUCT_NAME = "test Mac";
				USER_HEADER_SEARCH_PATHS = "";
			};
			name = Release;
		};
		C01FCF4F08A954540054247B /* Debug */ = {
			isa = XCBuildConfiguration;
			buildSettings = {
				CLANG_CXX_LANGUAGE_STANDARD = "c++0x";
				CLANG_CXX_LIBRARY = "libc++";
				COPY_PHASE_STRIP = NO;
				GCC_OPTIMIZATION_LEVEL = 0;
				GCC_WARN_ABOUT_RETURN_TYPE = YES;
				GCC_WARN_UNUSED_VARIABLE = YES;
				HEADER_SEARCH_PATHS = (
					"/Users/qiong/Documents/source/cocos2d-x-3.2",
					"/Users/qiong/Documents/source/cocos2d-x-3.2/cocos",
					"/Users/qiong/Documents/source/cocos2d-x-3.2/cocos/base",
					"/Users/qiong/Documents/source/cocos2d-x-3.2/cocos/physics",
					"/Users/qiong/Documents/source/cocos2d-x-3.2/cocos/math",
					"/Users/qiong/Documents/source/cocos2d-x-3.2/cocos/2d",
					"/Users/qiong/Documents/source/cocos2d-x-3.2/cocos/ui",
					"/Users/qiong/Documents/source/cocos2d-x-3.2/cocos/network",
					"/Users/qiong/Documents/source/cocos2d-x-3.2/cocos/audio/include",
					"/Users/qiong/Documents/source/cocos2d-x-3.2/cocos/editor-support",
					"/Users/qiong/Documents/source/cocos2d-x-3.2/extensions",
					"/Users/qiong/Documents/source/cocos2d-x-3.2/external",
					"/Users/qiong/Documents/source/cocos2d-x-3.2/external/chipmunk/include/chipmunk",
					"$(SRCROOT)/../../module_data_manager",
				);
				ONLY_ACTIVE_ARCH = YES;
				PRODUCT_NAME = "$(TARGET_NAME)";
				SDKROOT = macosx;
			};
			name = Debug;
		};
		C01FCF5008A954540054247B /* Release */ = {
			isa = XCBuildConfiguration;
			buildSettings = {
				CLANG_CXX_LANGUAGE_STANDARD = "c++0x";
				CLANG_CXX_LIBRARY = "libc++";
				GCC_WARN_ABOUT_RETURN_TYPE = YES;
				GCC_WARN_UNUSED_VARIABLE = YES;
				HEADER_SEARCH_PATHS = (
					"/Users/qiong/Documents/source/cocos2d-x-3.2",
					"/Users/qiong/Documents/source/cocos2d-x-3.2/cocos",
					"/Users/qiong/Documents/source/cocos2d-x-3.2/cocos/base",
					"/Users/qiong/Documents/source/cocos2d-x-3.2/cocos/physics",
					"/Users/qiong/Documents/source/cocos2d-x-3.2/cocos/math",
					"/Users/qiong/Documents/source/cocos2d-x-3.2/cocos/2d",
					"/Users/qiong/Documents/source/cocos2d-x-3.2/cocos/ui",
					"/Users/qiong/Documents/source/cocos2d-x-3.2/cocos/network",
					"/Users/qiong/Documents/source/cocos2d-x-3.2/cocos/audio/include",
					"/Users/qiong/Documents/source/cocos2d-x-3.2/cocos/editor-support",
					"/Users/qiong/Documents/source/cocos2d-x-3.2/extensions",
					"/Users/qiong/Documents/source/cocos2d-x-3.2/external",
					"/Users/qiong/Documents/source/cocos2d-x-3.2/external/chipmunk/include/chipmunk",
					"$(SRCROOT)/../../module_data_manager",
				);
				OTHER_CFLAGS = "-DNS_BLOCK_ASSERTIONS=1";
				PRODUCT_NAME = "$(TARGET_NAME)";
				SDKROOT = macosx;
				VALIDATE_PRODUCT = YES;
			};
			name = Release;
		};
/* End XCBuildConfiguration section */

/* Begin XCConfigurationList section */
		1D6058960D05DD3E006BFB54 /* Build configuration list for PBXNativeTarget "test iOS" */ = {
			isa = XCConfigurationList;
			buildConfigurations = (
				1D6058940D05DD3E006BFB54 /* Debug */,
				1D6058950D05DD3E006BFB54 /* Release */,
			);
			defaultConfigurationIsVisible = 0;
			defaultConfigurationName = Debug;
		};
		5087E76C17EB910900C73F5D /* Build configuration list for PBXNativeTarget "test Mac" */ = {
			isa = XCConfigurationList;
			buildConfigurations = (
				5087E76D17EB910900C73F5D /* Debug */,
				5087E76E17EB910900C73F5D /* Release */,
			);
			defaultConfigurationIsVisible = 0;
			defaultConfigurationName = Debug;
		};
		C01FCF4E08A954540054247B /* Build configuration list for PBXProject "test" */ = {
			isa = XCConfigurationList;
			buildConfigurations = (
				C01FCF4F08A954540054247B /* Debug */,
				C01FCF5008A954540054247B /* Release */,
			);
			defaultConfigurationIsVisible = 0;
			defaultConfigurationName = Debug;
		};
/* End XCConfigurationList section */
	};
	rootObject = 29B97313FDCFA39411CA2CEA /* Project object */;
}
