// !$*UTF8*$!
{
	archiveVersion = 1;
	classes = {
	};
	objectVersion = 46;
	objects = {

/* Begin PBXBuildFile section */
		CF89FE711A256F1E008A8174 /* LookUpDict.cpp in Sources */ = {isa = PBXBuildFile; fileRef = CF89FE701A256F1E008A8174 /* LookUpDict.cpp */; };
		CFB16506196FC27600E76456 /* Foundation.framework in Frameworks */ = {isa = PBXBuildFile; fileRef = CFB16505196FC27600E76456 /* Foundation.framework */; };
		CFB1652E196FC3BD00E76456 /* Foundation.framework in Frameworks */ = {isa = PBXBuildFile; fileRef = CFB16505196FC27600E76456 /* Foundation.framework */; };
		CFF3B1661A1205B20090FE27 /* Foundation.framework in Frameworks */ = {isa = PBXBuildFile; fileRef = CFB16505196FC27600E76456 /* Foundation.framework */; };
		CFF3B16C1A1206020090FE27 /* libcocos2dx iOS.a in Frameworks */ = {isa = PBXBuildFile; fileRef = CFF3B1431A1205840090FE27 /* libcocos2dx iOS.a */; };
		CFF3B16F1A1206EA0090FE27 /* libaes.a in Frameworks */ = {isa = PBXBuildFile; fileRef = CFF3B16E1A1206EA0090FE27 /* libaes.a */; };
/* End PBXBuildFile section */

/* Begin PBXContainerItemProxy section */
		CFF3B1381A1205840090FE27 /* PBXContainerItemProxy */ = {
			isa = PBXContainerItemProxy;
			containerPortal = CFF3B1291A1205830090FE27 /* cocos2d_libs.xcodeproj */;
			proxyType = 2;
			remoteGlobalIDString = 1551A33F158F2AB200E66CFE;
			remoteInfo = "cocos2dx Mac";
		};
		CFF3B13A1A1205840090FE27 /* PBXContainerItemProxy */ = {
			isa = PBXContainerItemProxy;
			containerPortal = CFF3B1291A1205830090FE27 /* cocos2d_libs.xcodeproj */;
			proxyType = 2;
			remoteGlobalIDString = A03F2FD617814595006731B9;
			remoteInfo = "cocos2dx-extensions Mac";
		};
		CFF3B13C1A1205840090FE27 /* PBXContainerItemProxy */ = {
			isa = PBXContainerItemProxy;
			containerPortal = CFF3B1291A1205830090FE27 /* cocos2d_libs.xcodeproj */;
			proxyType = 2;
			remoteGlobalIDString = A03F2CB81780BD04006731B9;
			remoteInfo = "chipmunk Mac";
		};
		CFF3B13E1A1205840090FE27 /* PBXContainerItemProxy */ = {
			isa = PBXContainerItemProxy;
			containerPortal = CFF3B1291A1205830090FE27 /* cocos2d_libs.xcodeproj */;
			proxyType = 2;
			remoteGlobalIDString = A03F2D9B1780BDF7006731B9;
			remoteInfo = "box2d Mac";
		};
		CFF3B1401A1205840090FE27 /* PBXContainerItemProxy */ = {
			isa = PBXContainerItemProxy;
			containerPortal = CFF3B1291A1205830090FE27 /* cocos2d_libs.xcodeproj */;
			proxyType = 2;
			remoteGlobalIDString = A03F2ED617814268006731B9;
			remoteInfo = "CocosDenshion Mac";
		};
		CFF3B1421A1205840090FE27 /* PBXContainerItemProxy */ = {
			isa = PBXContainerItemProxy;
			containerPortal = CFF3B1291A1205830090FE27 /* cocos2d_libs.xcodeproj */;
			proxyType = 2;
			remoteGlobalIDString = A07A4D641783777C0073F6A7;
			remoteInfo = "cocos2dx iOS";
		};
		CFF3B1441A1205840090FE27 /* PBXContainerItemProxy */ = {
			isa = PBXContainerItemProxy;
			containerPortal = CFF3B1291A1205830090FE27 /* cocos2d_libs.xcodeproj */;
			proxyType = 2;
			remoteGlobalIDString = A07A4EFC1783867C0073F6A7;
			remoteInfo = "cocos2dx-extensions iOS";
		};
		CFF3B1461A1205840090FE27 /* PBXContainerItemProxy */ = {
			isa = PBXContainerItemProxy;
			containerPortal = CFF3B1291A1205830090FE27 /* cocos2d_libs.xcodeproj */;
			proxyType = 2;
			remoteGlobalIDString = A07A4F3B178387670073F6A7;
			remoteInfo = "chipmunk iOS";
		};
		CFF3B1481A1205840090FE27 /* PBXContainerItemProxy */ = {
			isa = PBXContainerItemProxy;
			containerPortal = CFF3B1291A1205830090FE27 /* cocos2d_libs.xcodeproj */;
			proxyType = 2;
			remoteGlobalIDString = A07A4F9E1783876B0073F6A7;
			remoteInfo = "box2d iOS";
		};
		CFF3B14A1A1205840090FE27 /* PBXContainerItemProxy */ = {
			isa = PBXContainerItemProxy;
			containerPortal = CFF3B1291A1205830090FE27 /* cocos2d_libs.xcodeproj */;
			proxyType = 2;
			remoteGlobalIDString = A07A4FB4178387730073F6A7;
			remoteInfo = "CocosDenshion iOS";
		};
/* End PBXContainerItemProxy section */

/* Begin PBXCopyFilesBuildPhase section */
		CFB16500196FC27600E76456 /* CopyFiles */ = {
			isa = PBXCopyFilesBuildPhase;
			buildActionMask = 2147483647;
			dstPath = "include/$(PRODUCT_NAME)";
			dstSubfolderSpec = 16;
			files = (
			);
			runOnlyForDeploymentPostprocessing = 0;
		};
		CFB1652F196FC3BD00E76456 /* CopyFiles */ = {
			isa = PBXCopyFilesBuildPhase;
			buildActionMask = 2147483647;
			dstPath = "include/$(PRODUCT_NAME)";
			dstSubfolderSpec = 16;
			files = (
			);
			runOnlyForDeploymentPostprocessing = 0;
		};
		CFF3B1671A1205B20090FE27 /* CopyFiles */ = {
			isa = PBXCopyFilesBuildPhase;
			buildActionMask = 2147483647;
			dstPath = "include/$(PRODUCT_NAME)";
			dstSubfolderSpec = 16;
			files = (
			);
			runOnlyForDeploymentPostprocessing = 0;
		};
/* End PBXCopyFilesBuildPhase section */

/* Begin PBXFileReference section */
		CF89FE701A256F1E008A8174 /* LookUpDict.cpp */ = {isa = PBXFileReference; fileEncoding = 4; lastKnownFileType = sourcecode.cpp.cpp; path = LookUpDict.cpp; sourceTree = "<group>"; };
		CF89FEAC1A275A88008A8174 /* libmdm_ios.a */ = {isa = PBXFileReference; explicitFileType = archive.ar; includeInIndex = 0; path = libmdm_ios.a; sourceTree = BUILT_PRODUCTS_DIR; };
		CF89FEAD1A275A88008A8174 /* libmdm_mac.a */ = {isa = PBXFileReference; explicitFileType = archive.ar; includeInIndex = 0; path = libmdm_mac.a; sourceTree = BUILT_PRODUCTS_DIR; };
		CF89FEAE1A275A88008A8174 /* libcckit_ios copy.a */ = {isa = PBXFileReference; explicitFileType = archive.ar; includeInIndex = 0; path = "libcckit_ios copy.a"; sourceTree = BUILT_PRODUCTS_DIR; };
		CFB16505196FC27600E76456 /* Foundation.framework */ = {isa = PBXFileReference; lastKnownFileType = wrapper.framework; name = Foundation.framework; path = System/Library/Frameworks/Foundation.framework; sourceTree = SDKROOT; };
		CFF3B0DF1A1205200090FE27 /* LookUpDict.h */ = {isa = PBXFileReference; fileEncoding = 4; lastKnownFileType = sourcecode.c.h; path = LookUpDict.h; sourceTree = "<group>"; };
		CFF3B0E21A1205200090FE27 /* LocalVar.h */ = {isa = PBXFileReference; fileEncoding = 4; lastKnownFileType = sourcecode.c.h; path = LocalVar.h; sourceTree = "<group>"; };
		CFF3B0F81A1205200090FE27 /* TempVar.h */ = {isa = PBXFileReference; fileEncoding = 4; lastKnownFileType = sourcecode.c.h; path = TempVar.h; sourceTree = "<group>"; };
		CFF3B1291A1205830090FE27 /* cocos2d_libs.xcodeproj */ = {isa = PBXFileReference; lastKnownFileType = "wrapper.pb-project"; name = cocos2d_libs.xcodeproj; path = "../../source/cocos2d-x-3.2/build/cocos2d_libs.xcodeproj"; sourceTree = "<group>"; };
		CFF3B16E1A1206EA0090FE27 /* libaes.a */ = {isa = PBXFileReference; lastKnownFileType = archive.ar; name = libaes.a; path = "module_data_manager/aes/build/Default-iphonesimulator/libaes.a"; sourceTree = "<group>"; };
/* End PBXFileReference section */

/* Begin PBXFrameworksBuildPhase section */
		CFB164FF196FC27600E76456 /* Frameworks */ = {
			isa = PBXFrameworksBuildPhase;
			buildActionMask = 2147483647;
			files = (
				CFF3B16C1A1206020090FE27 /* libcocos2dx iOS.a in Frameworks */,
				CFB16506196FC27600E76456 /* Foundation.framework in Frameworks */,
				CFF3B16F1A1206EA0090FE27 /* libaes.a in Frameworks */,
			);
			runOnlyForDeploymentPostprocessing = 0;
		};
		CFB1652D196FC3BD00E76456 /* Frameworks */ = {
			isa = PBXFrameworksBuildPhase;
			buildActionMask = 2147483647;
			files = (
				CFB1652E196FC3BD00E76456 /* Foundation.framework in Frameworks */,
			);
			runOnlyForDeploymentPostprocessing = 0;
		};
		CFF3B1651A1205B20090FE27 /* Frameworks */ = {
			isa = PBXFrameworksBuildPhase;
			buildActionMask = 2147483647;
			files = (
				CFF3B1661A1205B20090FE27 /* Foundation.framework in Frameworks */,
			);
			runOnlyForDeploymentPostprocessing = 0;
		};
/* End PBXFrameworksBuildPhase section */

/* Begin PBXGroup section */
		CFB164F9196FC27600E76456 = {
			isa = PBXGroup;
			children = (
				CFF3B1291A1205830090FE27 /* cocos2d_libs.xcodeproj */,
				CFF3B0C81A1205200090FE27 /* module_data_manager */,
				CFF3B16D1A1206C50090FE27 /* ios */,
				CFB16504196FC27600E76456 /* Frameworks */,
				CF89FEAC1A275A88008A8174 /* libmdm_ios.a */,
				CF89FEAD1A275A88008A8174 /* libmdm_mac.a */,
				CF89FEAE1A275A88008A8174 /* libcckit_ios copy.a */,
			);
			sourceTree = "<group>";
		};
		CFB16504196FC27600E76456 /* Frameworks */ = {
			isa = PBXGroup;
			children = (
				CFB16505196FC27600E76456 /* Foundation.framework */,
			);
			name = Frameworks;
			sourceTree = "<group>";
		};
		CFF3B0C81A1205200090FE27 /* module_data_manager */ = {
			isa = PBXGroup;
			children = (
				CFF3B0DF1A1205200090FE27 /* LookUpDict.h */,
				CF89FE701A256F1E008A8174 /* LookUpDict.cpp */,
				CFF3B0E21A1205200090FE27 /* LocalVar.h */,
				CFF3B0F81A1205200090FE27 /* TempVar.h */,
			);
			path = module_data_manager;
			sourceTree = "<group>";
		};
		CFF3B12A1A1205830090FE27 /* Products */ = {
			isa = PBXGroup;
			children = (
				CFF3B1391A1205840090FE27 /* libcocos2dx Mac.a */,
				CFF3B13B1A1205840090FE27 /* libcocos2dx-extensions Mac.a */,
				CFF3B13D1A1205840090FE27 /* libchipmunk Mac.a */,
				CFF3B13F1A1205840090FE27 /* libbox2d Mac.a */,
				CFF3B1411A1205840090FE27 /* libCocosDenshion Mac.a */,
				CFF3B1431A1205840090FE27 /* libcocos2dx iOS.a */,
				CFF3B1451A1205840090FE27 /* libcocos2dx-extensions iOS.a */,
				CFF3B1471A1205840090FE27 /* libchipmunk iOS.a */,
				CFF3B1491A1205840090FE27 /* libbox2d iOS.a */,
				CFF3B14B1A1205840090FE27 /* libCocosDenshion iOS.a */,
			);
			name = Products;
			sourceTree = "<group>";
		};
		CFF3B16D1A1206C50090FE27 /* ios */ = {
			isa = PBXGroup;
			children = (
				CFF3B16E1A1206EA0090FE27 /* libaes.a */,
			);
			name = ios;
			sourceTree = "<group>";
		};
/* End PBXGroup section */

/* Begin PBXNativeTarget section */
		CFB16501196FC27600E76456 /* mdm_ios */ = {
			isa = PBXNativeTarget;
			buildConfigurationList = CFB16525196FC27600E76456 /* Build configuration list for PBXNativeTarget "mdm_ios" */;
			buildPhases = (
				CFB164FE196FC27600E76456 /* Sources */,
				CFB164FF196FC27600E76456 /* Frameworks */,
				CFB16500196FC27600E76456 /* CopyFiles */,
			);
			buildRules = (
			);
			dependencies = (
			);
			name = mdm_ios;
			productName = utils;
			productReference = CF89FEAC1A275A88008A8174 /* libmdm_ios.a */;
			productType = "com.apple.product-type.library.static";
		};
		CFB1652B196FC3BD00E76456 /* mdm_mac */ = {
			isa = PBXNativeTarget;
			buildConfigurationList = CFB16530196FC3BD00E76456 /* Build configuration list for PBXNativeTarget "mdm_mac" */;
			buildPhases = (
				CFB16558196FCDE500E76456 /* Sources */,
				CFB1652D196FC3BD00E76456 /* Frameworks */,
				CFB1652F196FC3BD00E76456 /* CopyFiles */,
			);
			buildRules = (
			);
			dependencies = (
			);
			name = mdm_mac;
			productName = utils;
			productReference = CF89FEAD1A275A88008A8174 /* libmdm_mac.a */;
			productType = "com.apple.product-type.library.static";
		};
		CFF3B14C1A1205B20090FE27 /* cckit_ios copy */ = {
			isa = PBXNativeTarget;
			buildConfigurationList = CFF3B1681A1205B20090FE27 /* Build configuration list for PBXNativeTarget "cckit_ios copy" */;
			buildPhases = (
				CFF3B14D1A1205B20090FE27 /* Sources */,
				CFF3B1651A1205B20090FE27 /* Frameworks */,
				CFF3B1671A1205B20090FE27 /* CopyFiles */,
			);
			buildRules = (
			);
			dependencies = (
			);
			name = "cckit_ios copy";
			productName = utils;
			productReference = CF89FEAE1A275A88008A8174 /* libcckit_ios copy.a */;
			productType = "com.apple.product-type.library.static";
		};
/* End PBXNativeTarget section */

/* Begin PBXProject section */
		CFB164FA196FC27600E76456 /* Project object */ = {
			isa = PBXProject;
			attributes = {
				LastUpgradeCheck = 0510;
			};
			buildConfigurationList = CFB164FD196FC27600E76456 /* Build configuration list for PBXProject "all_libs" */;
			compatibilityVersion = "Xcode 3.2";
			developmentRegion = English;
			hasScannedForEncodings = 0;
			knownRegions = (
				en,
			);
			mainGroup = CFB164F9196FC27600E76456;
			productRefGroup = CFB164F9196FC27600E76456;
			projectDirPath = "";
			projectReferences = (
				{
					ProductGroup = CFF3B12A1A1205830090FE27 /* Products */;
					ProjectRef = CFF3B1291A1205830090FE27 /* cocos2d_libs.xcodeproj */;
				},
			);
			projectRoot = "";
			targets = (
				CFB16501196FC27600E76456 /* mdm_ios */,
				CFB1652B196FC3BD00E76456 /* mdm_mac */,
				CFF3B14C1A1205B20090FE27 /* cckit_ios copy */,
			);
		};
/* End PBXProject section */

/* Begin PBXReferenceProxy section */
		CFF3B1391A1205840090FE27 /* libcocos2dx Mac.a */ = {
			isa = PBXReferenceProxy;
			fileType = archive.ar;
			path = "libcocos2dx Mac.a";
			remoteRef = CFF3B1381A1205840090FE27 /* PBXContainerItemProxy */;
			sourceTree = BUILT_PRODUCTS_DIR;
		};
		CFF3B13B1A1205840090FE27 /* libcocos2dx-extensions Mac.a */ = {
			isa = PBXReferenceProxy;
			fileType = archive.ar;
			path = "libcocos2dx-extensions Mac.a";
			remoteRef = CFF3B13A1A1205840090FE27 /* PBXContainerItemProxy */;
			sourceTree = BUILT_PRODUCTS_DIR;
		};
		CFF3B13D1A1205840090FE27 /* libchipmunk Mac.a */ = {
			isa = PBXReferenceProxy;
			fileType = archive.ar;
			path = "libchipmunk Mac.a";
			remoteRef = CFF3B13C1A1205840090FE27 /* PBXContainerItemProxy */;
			sourceTree = BUILT_PRODUCTS_DIR;
		};
		CFF3B13F1A1205840090FE27 /* libbox2d Mac.a */ = {
			isa = PBXReferenceProxy;
			fileType = archive.ar;
			path = "libbox2d Mac.a";
			remoteRef = CFF3B13E1A1205840090FE27 /* PBXContainerItemProxy */;
			sourceTree = BUILT_PRODUCTS_DIR;
		};
		CFF3B1411A1205840090FE27 /* libCocosDenshion Mac.a */ = {
			isa = PBXReferenceProxy;
			fileType = archive.ar;
			path = "libCocosDenshion Mac.a";
			remoteRef = CFF3B1401A1205840090FE27 /* PBXContainerItemProxy */;
			sourceTree = BUILT_PRODUCTS_DIR;
		};
		CFF3B1431A1205840090FE27 /* libcocos2dx iOS.a */ = {
			isa = PBXReferenceProxy;
			fileType = archive.ar;
			path = "libcocos2dx iOS.a";
			remoteRef = CFF3B1421A1205840090FE27 /* PBXContainerItemProxy */;
			sourceTree = BUILT_PRODUCTS_DIR;
		};
		CFF3B1451A1205840090FE27 /* libcocos2dx-extensions iOS.a */ = {
			isa = PBXReferenceProxy;
			fileType = archive.ar;
			path = "libcocos2dx-extensions iOS.a";
			remoteRef = CFF3B1441A1205840090FE27 /* PBXContainerItemProxy */;
			sourceTree = BUILT_PRODUCTS_DIR;
		};
		CFF3B1471A1205840090FE27 /* libchipmunk iOS.a */ = {
			isa = PBXReferenceProxy;
			fileType = archive.ar;
			path = "libchipmunk iOS.a";
			remoteRef = CFF3B1461A1205840090FE27 /* PBXContainerItemProxy */;
			sourceTree = BUILT_PRODUCTS_DIR;
		};
		CFF3B1491A1205840090FE27 /* libbox2d iOS.a */ = {
			isa = PBXReferenceProxy;
			fileType = archive.ar;
			path = "libbox2d iOS.a";
			remoteRef = CFF3B1481A1205840090FE27 /* PBXContainerItemProxy */;
			sourceTree = BUILT_PRODUCTS_DIR;
		};
		CFF3B14B1A1205840090FE27 /* libCocosDenshion iOS.a */ = {
			isa = PBXReferenceProxy;
			fileType = archive.ar;
			path = "libCocosDenshion iOS.a";
			remoteRef = CFF3B14A1A1205840090FE27 /* PBXContainerItemProxy */;
			sourceTree = BUILT_PRODUCTS_DIR;
		};
/* End PBXReferenceProxy section */

/* Begin PBXSourcesBuildPhase section */
		CFB164FE196FC27600E76456 /* Sources */ = {
			isa = PBXSourcesBuildPhase;
			buildActionMask = 2147483647;
			files = (
				CF89FE711A256F1E008A8174 /* LookUpDict.cpp in Sources */,
			);
			runOnlyForDeploymentPostprocessing = 0;
		};
		CFB16558196FCDE500E76456 /* Sources */ = {
			isa = PBXSourcesBuildPhase;
			buildActionMask = 2147483647;
			files = (
			);
			runOnlyForDeploymentPostprocessing = 0;
		};
		CFF3B14D1A1205B20090FE27 /* Sources */ = {
			isa = PBXSourcesBuildPhase;
			buildActionMask = 2147483647;
			files = (
			);
			runOnlyForDeploymentPostprocessing = 0;
		};
/* End PBXSourcesBuildPhase section */

/* Begin XCBuildConfiguration section */
		CFB16523196FC27600E76456 /* Debug */ = {
			isa = XCBuildConfiguration;
			buildSettings = {
				ALWAYS_SEARCH_USER_PATHS = YES;
				CLANG_CXX_LANGUAGE_STANDARD = "gnu++0x";
				CLANG_CXX_LIBRARY = "libc++";
				CLANG_ENABLE_MODULES = YES;
				CLANG_ENABLE_OBJC_ARC = NO;
				CLANG_WARN_BOOL_CONVERSION = YES;
				CLANG_WARN_CONSTANT_CONVERSION = YES;
				CLANG_WARN_DIRECT_OBJC_ISA_USAGE = YES_ERROR;
				CLANG_WARN_EMPTY_BODY = YES;
				CLANG_WARN_ENUM_CONVERSION = YES;
				CLANG_WARN_INT_CONVERSION = YES;
				CLANG_WARN_OBJC_ROOT_CLASS = YES_ERROR;
				CLANG_WARN__DUPLICATE_METHOD_MATCH = YES;
				COPY_PHASE_STRIP = NO;
				GCC_C_LANGUAGE_STANDARD = gnu99;
				GCC_DYNAMIC_NO_PIC = NO;
				GCC_OPTIMIZATION_LEVEL = 0;
				GCC_PREPROCESSOR_DEFINITIONS = (
					"DEBUG=1",
					"$(inherited)",
				);
				GCC_SYMBOLS_PRIVATE_EXTERN = NO;
				GCC_WARN_64_TO_32_BIT_CONVERSION = YES;
				GCC_WARN_ABOUT_RETURN_TYPE = YES_ERROR;
				GCC_WARN_UNDECLARED_SELECTOR = YES;
				GCC_WARN_UNINITIALIZED_AUTOS = YES_AGGRESSIVE;
				GCC_WARN_UNUSED_FUNCTION = YES;
				GCC_WARN_UNUSED_VARIABLE = YES;
				HEADER_SEARCH_PATHS = (
					"$(inherited)",
					/Applications/Xcode.app/Contents/Developer/Toolchains/XcodeDefault.xctoolchain/usr/include,
					"/Users/qiong/Documents/source/cocos2d-x-3.2",
					"/Users/qiong/Documents/source/cocos2d-x-3.2/cocos",
					"/Users/qiong/Documents/source/cocos2d-x-3.2/cocos/base",
					"/Users/qiong/Documents/source/cocos2d-x-3.2/cocos/physics",
					"/Users/qiong/Documents/source/cocos2d-x-3.2/cocos/math",
					"/Users/qiong/Documents/source/cocos2d-x-3.2/cocos/2d",
					"/Users/qiong/Documents/source/cocos2d-x-3.2/cocos/ui",
					"/Users/qiong/Documents/source/cocos2d-x-3.2/cocos/network",
					"/Users/qiong/Documents/source/cocos2d-x-3.2/cocos/audio/include",
					"/Users/qiong/Documents/source/cocos2d-x-3.2/cocos/editor-support",
					"/Users/qiong/Documents/source/cocos2d-x-3.2/extensions",
					"/Users/qiong/Documents/source/cocos2d-x-3.2/external",
					"/Users/qiong/Documents/source/cocos2d-x-3.2/external/chipmunk/include/chipmunk",
					"$(SRCROOT)/utils/aes",
				);
				IPHONEOS_DEPLOYMENT_TARGET = 7.1;
				ONLY_ACTIVE_ARCH = YES;
				SDKROOT = iphoneos;
			};
			name = Debug;
		};
		CFB16524196FC27600E76456 /* Release */ = {
			isa = XCBuildConfiguration;
			buildSettings = {
				ALWAYS_SEARCH_USER_PATHS = YES;
				CLANG_CXX_LANGUAGE_STANDARD = "gnu++0x";
				CLANG_CXX_LIBRARY = "libc++";
				CLANG_ENABLE_MODULES = YES;
				CLANG_ENABLE_OBJC_ARC = NO;
				CLANG_WARN_BOOL_CONVERSION = YES;
				CLANG_WARN_CONSTANT_CONVERSION = YES;
				CLANG_WARN_DIRECT_OBJC_ISA_USAGE = YES_ERROR;
				CLANG_WARN_EMPTY_BODY = YES;
				CLANG_WARN_ENUM_CONVERSION = YES;
				CLANG_WARN_INT_CONVERSION = YES;
				CLANG_WARN_OBJC_ROOT_CLASS = YES_ERROR;
				CLANG_WARN__DUPLICATE_METHOD_MATCH = YES;
				COPY_PHASE_STRIP = YES;
				ENABLE_NS_ASSERTIONS = NO;
				GCC_C_LANGUAGE_STANDARD = gnu99;
				GCC_WARN_64_TO_32_BIT_CONVERSION = YES;
				GCC_WARN_ABOUT_RETURN_TYPE = YES_ERROR;
				GCC_WARN_UNDECLARED_SELECTOR = YES;
				GCC_WARN_UNINITIALIZED_AUTOS = YES_AGGRESSIVE;
				GCC_WARN_UNUSED_FUNCTION = YES;
				GCC_WARN_UNUSED_VARIABLE = YES;
				HEADER_SEARCH_PATHS = (
					"$(inherited)",
					/Applications/Xcode.app/Contents/Developer/Toolchains/XcodeDefault.xctoolchain/usr/include,
					"/Users/qiong/Documents/source/cocos2d-x-3.2",
					"/Users/qiong/Documents/source/cocos2d-x-3.2/cocos",
					"/Users/qiong/Documents/source/cocos2d-x-3.2/cocos/base",
					"/Users/qiong/Documents/source/cocos2d-x-3.2/cocos/physics",
					"/Users/qiong/Documents/source/cocos2d-x-3.2/cocos/math",
					"/Users/qiong/Documents/source/cocos2d-x-3.2/cocos/2d",
					"/Users/qiong/Documents/source/cocos2d-x-3.2/cocos/ui",
					"/Users/qiong/Documents/source/cocos2d-x-3.2/cocos/network",
					"/Users/qiong/Documents/source/cocos2d-x-3.2/cocos/audio/include",
					"/Users/qiong/Documents/source/cocos2d-x-3.2/cocos/editor-support",
					"/Users/qiong/Documents/source/cocos2d-x-3.2/extensions",
					"/Users/qiong/Documents/source/cocos2d-x-3.2/external",
					"/Users/qiong/Documents/source/cocos2d-x-3.2/external/chipmunk/include/chipmunk",
					"$(SRCROOT)/utils/aes",
				);
				IPHONEOS_DEPLOYMENT_TARGET = 7.1;
				SDKROOT = iphoneos;
				VALIDATE_PRODUCT = YES;
			};
			name = Release;
		};
		CFB16526196FC27600E76456 /* Debug */ = {
			isa = XCBuildConfiguration;
			buildSettings = {
				DSTROOT = /tmp/utils.dst;
				GCC_PRECOMPILE_PREFIX_HEADER = NO;
				GCC_PREFIX_HEADER = "";
				GCC_PREPROCESSOR_DEFINITIONS = (
					"$(inherited)",
					CC_TARGET_OS_IPHONE,
					"COCOS2D_DEBUG=1",
				);
				HEADER_SEARCH_PATHS = (
					"$(inherited)",
					"/Users/qiong/Documents/source/cocos2d-x-3.2/cocos/platform/ios",
					"/Users/qiong/Documents/source/cocos2d-x-3.2/cocos/platform/ios/Simulation",
				);
				IPHONEOS_DEPLOYMENT_TARGET = 5.0;
				LIBRARY_SEARCH_PATHS = (
					"$(inherited)",
					"$(PROJECT_DIR)/module_data_manager/aes/build/Default-iphonesimulator",
				);
				OTHER_LDFLAGS = "-ObjC";
				PRODUCT_NAME = "$(TARGET_NAME)";
				SKIP_INSTALL = YES;
				SYMROOT = build;
				TARGETED_DEVICE_FAMILY = "1,2";
			};
			name = Debug;
		};
		CFB16527196FC27600E76456 /* Release */ = {
			isa = XCBuildConfiguration;
			buildSettings = {
				DSTROOT = /tmp/utils.dst;
				GCC_PRECOMPILE_PREFIX_HEADER = NO;
				GCC_PREFIX_HEADER = "";
				GCC_PREPROCESSOR_DEFINITIONS = CC_TARGET_OS_IPHONE;
				HEADER_SEARCH_PATHS = (
					"$(inherited)",
					"/Users/qiong/Documents/source/cocos2d-x-3.2/cocos/platform/ios",
					"/Users/qiong/Documents/source/cocos2d-x-3.2/cocos/platform/ios/Simulation",
				);
				IPHONEOS_DEPLOYMENT_TARGET = 5.0;
				LIBRARY_SEARCH_PATHS = (
					"$(inherited)",
					"$(PROJECT_DIR)/module_data_manager/aes/build/Default-iphonesimulator",
				);
				OTHER_LDFLAGS = "-ObjC";
				PRODUCT_NAME = "$(TARGET_NAME)";
				SKIP_INSTALL = YES;
				SYMROOT = build;
				TARGETED_DEVICE_FAMILY = "1,2";
			};
			name = Release;
		};
		CFB16531196FC3BD00E76456 /* Debug */ = {
			isa = XCBuildConfiguration;
			buildSettings = {
				CLANG_ENABLE_OBJC_ARC = NO;
				DSTROOT = /tmp/utils.dst;
				GCC_PRECOMPILE_PREFIX_HEADER = NO;
				GCC_PREFIX_HEADER = "";
				GCC_PREPROCESSOR_DEFINITIONS = (
					CC_TARGET_OS_MAC,
					"$(inherited)",
					"COCOS2D_DEBUG=1",
				);
				HEADER_SEARCH_PATHS = (
					"$(inherited)",
					"/Users/qiong/Documents/source/cocos2d-x-3.2/cocos/platform/mac",
					"/Users/qiong/Documents/source/cocos2d-x-3.2/external/glfw3/include/mac",
				);
				OTHER_LDFLAGS = "-ObjC";
				PRODUCT_NAME = "$(TARGET_NAME)";
				SDKROOT = macosx;
				SKIP_INSTALL = YES;
			};
			name = Debug;
		};
		CFB16532196FC3BD00E76456 /* Release */ = {
			isa = XCBuildConfiguration;
			buildSettings = {
				CLANG_ENABLE_OBJC_ARC = NO;
				DSTROOT = /tmp/utils.dst;
				GCC_PRECOMPILE_PREFIX_HEADER = NO;
				GCC_PREFIX_HEADER = "";
				GCC_PREPROCESSOR_DEFINITIONS = CC_TARGET_OS_MAC;
				HEADER_SEARCH_PATHS = (
					"$(inherited)",
					"/Users/qiong/Documents/source/cocos2d-x-3.2/cocos/platform/mac",
					"/Users/qiong/Documents/source/cocos2d-x-3.2/external/glfw3/include/mac",
				);
				OTHER_LDFLAGS = "-ObjC";
				PRODUCT_NAME = "$(TARGET_NAME)";
				SDKROOT = macosx;
				SKIP_INSTALL = YES;
			};
			name = Release;
		};
		CFF3B1691A1205B20090FE27 /* Debug */ = {
			isa = XCBuildConfiguration;
			buildSettings = {
				DSTROOT = /tmp/utils.dst;
				GCC_PRECOMPILE_PREFIX_HEADER = NO;
				GCC_PREFIX_HEADER = "";
				GCC_PREPROCESSOR_DEFINITIONS = (
					"$(inherited)",
					CC_TARGET_OS_IPHONE,
					"COCOS2D_DEBUG=1",
				);
				HEADER_SEARCH_PATHS = (
					"$(inherited)",
					"/Users/qiong/Documents/source/cocos2d-x-3.2/cocos/platform/ios",
					"/Users/qiong/Documents/source/cocos2d-x-3.2/cocos/platform/ios/Simulation",
				);
				IPHONEOS_DEPLOYMENT_TARGET = 5.0;
				LIBRARY_SEARCH_PATHS = "$(inherited)";
				OTHER_LDFLAGS = "-ObjC";
				PRODUCT_NAME = "cckit_ios copy";
				SKIP_INSTALL = YES;
				TARGETED_DEVICE_FAMILY = "1,2";
			};
			name = Debug;
		};
		CFF3B16A1A1205B20090FE27 /* Release */ = {
			isa = XCBuildConfiguration;
			buildSettings = {
				DSTROOT = /tmp/utils.dst;
				GCC_PRECOMPILE_PREFIX_HEADER = NO;
				GCC_PREFIX_HEADER = "";
				GCC_PREPROCESSOR_DEFINITIONS = CC_TARGET_OS_IPHONE;
				HEADER_SEARCH_PATHS = (
					"$(inherited)",
					"/Users/qiong/Documents/source/cocos2d-x-3.2/cocos/platform/ios",
					"/Users/qiong/Documents/source/cocos2d-x-3.2/cocos/platform/ios/Simulation",
				);
				IPHONEOS_DEPLOYMENT_TARGET = 5.0;
				LIBRARY_SEARCH_PATHS = "$(inherited)";
				OTHER_LDFLAGS = "-ObjC";
				PRODUCT_NAME = "cckit_ios copy";
				SKIP_INSTALL = YES;
				TARGETED_DEVICE_FAMILY = "1,2";
			};
			name = Release;
		};
/* End XCBuildConfiguration section */

/* Begin XCConfigurationList section */
		CFB164FD196FC27600E76456 /* Build configuration list for PBXProject "all_libs" */ = {
			isa = XCConfigurationList;
			buildConfigurations = (
				CFB16523196FC27600E76456 /* Debug */,
				CFB16524196FC27600E76456 /* Release */,
			);
			defaultConfigurationIsVisible = 0;
			defaultConfigurationName = Release;
		};
		CFB16525196FC27600E76456 /* Build configuration list for PBXNativeTarget "mdm_ios" */ = {
			isa = XCConfigurationList;
			buildConfigurations = (
				CFB16526196FC27600E76456 /* Debug */,
				CFB16527196FC27600E76456 /* Release */,
			);
			defaultConfigurationIsVisible = 0;
			defaultConfigurationName = Release;
		};
		CFB16530196FC3BD00E76456 /* Build configuration list for PBXNativeTarget "mdm_mac" */ = {
			isa = XCConfigurationList;
			buildConfigurations = (
				CFB16531196FC3BD00E76456 /* Debug */,
				CFB16532196FC3BD00E76456 /* Release */,
			);
			defaultConfigurationIsVisible = 0;
			defaultConfigurationName = Release;
		};
		CFF3B1681A1205B20090FE27 /* Build configuration list for PBXNativeTarget "cckit_ios copy" */ = {
			isa = XCConfigurationList;
			buildConfigurations = (
				CFF3B1691A1205B20090FE27 /* Debug */,
				CFF3B16A1A1205B20090FE27 /* Release */,
			);
			defaultConfigurationIsVisible = 0;
			defaultConfigurationName = Release;
		};
/* End XCConfigurationList section */
	};
	rootObject = CFB164FA196FC27600E76456 /* Project object */;
}
